{
  "object": {
    "pins": [
      {
        "package": "Bow",
        "repositoryURL": "https://github.com/bow-swift/bow.git",
        "state": {
          "branch": "master",
          "revision": "ee58f517ac6ac5a31fe69b6919e37536319329a3",
          "version": null
        }
      },
      {
        "package": "BowArch",
        "repositoryURL": "https://github.com/bow-swift/bow-arch.git",
        "state": {
          "branch": "master",
          "revision": "f4079c898a37665811ec109b157721841c946cbc",
          "version": null
        }
      },
      {
        "package": "Lottie",
        "repositoryURL": "https://github.com/airbnb/lottie-ios.git",
        "state": {
          "branch": null,
          "revision": "4e5877425dae5c10792fc9d22d53dc6bf6824dc1",
          "version": "3.1.8"
        }
      },
      {
        "package": "nef-editor-server",
        "repositoryURL": "https://github.com/47deg/nef-editor-server",
        "state": {
          "branch": "master",
          "revision": "434096eb250a9da3e0f4d20c920a2c4bb294fc7e",
          "version": null
        }
      },
      {
        "package": "RxSwift",
        "repositoryURL": "https://github.com/ReactiveX/RxSwift.git",
        "state": {
          "branch": null,
          "revision": "002d325b0bdee94e7882e1114af5ff4fe1e96afa",
          "version": "5.1.1"
        }
      },
      {
        "package": "SwiftCheck",
        "repositoryURL": "https://github.com/bow-swift/SwiftCheck.git",
        "state": {
          "branch": null,
          "revision": "748359f9a95edf94d0c4664102f104f56b1ff1fb",
          "version": "0.12.1"
        }
      },
      {
        "package": "ZIPFoundation",
        "repositoryURL": "https://github.com/weichsel/ZIPFoundation.git",
        "state": {
          "branch": null,
          "revision": "ec32d62d412578542c0ffb7a6ce34d3e64b43b94",
          "version": "0.9.11"
        }
      }
    ]
  },
  "version": 1
}
