// !$*UTF8*$!
{
	archiveVersion = 1;
	classes = {
	};
	objectVersion = 52;
	objects = {

/* Begin PBXAggregateTarget section */
		11EDF469243714580092E959 /* GenerateGitHubAPI */ = {
			isa = PBXAggregateTarget;
			buildConfigurationList = 11EDF46A243714580092E959 /* Build configuration list for PBXAggregateTarget "GenerateGitHubAPI" */;
			buildPhases = (
				11EDF46D243714600092E959 /* ShellScript */,
			);
			dependencies = (
			);
			name = GenerateGitHubAPI;
			productName = GenerateGitHubAPI;
		};
		11FE7AE5246A9A0B0011DB41 /* GenerateNefAPI */ = {
			isa = PBXAggregateTarget;
			buildConfigurationList = 11FE7AE6246A9A0B0011DB41 /* Build configuration list for PBXAggregateTarget "GenerateNefAPI" */;
			buildPhases = (
				11FE7AE9246A9A190011DB41 /* ShellScript */,
			);
			dependencies = (
			);
			name = GenerateNefAPI;
			productName = GenerateNefClient;
		};
/* End PBXAggregateTarget section */

/* Begin PBXBuildFile section */
		1101A3AC245AB5F6002A848B /* URLImage.swift in Sources */ = {isa = PBXBuildFile; fileRef = 1101A3AB245AB5F6002A848B /* URLImage.swift */; };
		1101A3B0245AB994002A848B /* AvatarView.swift in Sources */ = {isa = PBXBuildFile; fileRef = 1101A3AF245AB994002A848B /* AvatarView.swift */; };
		1101A3B2245AD23F002A848B /* View+Conditional.swift in Sources */ = {isa = PBXBuildFile; fileRef = 1101A3B1245AD23F002A848B /* View+Conditional.swift */; };
		11070286243C8178008583EB /* Requirement.swift in Sources */ = {isa = PBXBuildFile; fileRef = 11070285243C8178008583EB /* Requirement.swift */; };
		11070289243C81DC008583EB /* RequirementView.swift in Sources */ = {isa = PBXBuildFile; fileRef = 11070288243C81DC008583EB /* RequirementView.swift */; };
		1107028B243C9987008583EB /* RepositoryDetailState.swift in Sources */ = {isa = PBXBuildFile; fileRef = 1107028A243C9987008583EB /* RepositoryDetailState.swift */; };
		1107028D243C9A25008583EB /* AnimationView.swift in Sources */ = {isa = PBXBuildFile; fileRef = 1107028C243C9A25008583EB /* AnimationView.swift */; };
		1107028F243C9D0A008583EB /* LoadingRequirementsView.swift in Sources */ = {isa = PBXBuildFile; fileRef = 1107028E243C9D0A008583EB /* LoadingRequirementsView.swift */; };
		11070291243C9DF9008583EB /* ActivityTextView.swift in Sources */ = {isa = PBXBuildFile; fileRef = 11070290243C9DF9008583EB /* ActivityTextView.swift */; };
		11070293243C9F27008583EB /* EmptyRequirementsView.swift in Sources */ = {isa = PBXBuildFile; fileRef = 11070292243C9F27008583EB /* EmptyRequirementsView.swift */; };
		11070298243CA10E008583EB /* ErrorRequirementsView.swift in Sources */ = {isa = PBXBuildFile; fileRef = 11070297243CA10E008583EB /* ErrorRequirementsView.swift */; };
		1107029A243CA160008583EB /* RequirementListView.swift in Sources */ = {isa = PBXBuildFile; fileRef = 11070299243CA160008583EB /* RequirementListView.swift */; };
		112EA4E824618EC700F91DBA /* Persistence.swift in Sources */ = {isa = PBXBuildFile; fileRef = 112EA4E724618EC700F91DBA /* Persistence.swift */; };
		112EA4EA24618F7400F91DBA /* ICloudPersistence.swift in Sources */ = {isa = PBXBuildFile; fileRef = 112EA4E924618F7400F91DBA /* ICloudPersistence.swift */; };
		112FDCB6246AC8FD009A2B97 /* NefAPI in Frameworks */ = {isa = PBXBuildFile; productRef = 112FDCB5246AC8FD009A2B97 /* NefAPI */; };
		112FDCB9246AC99A009A2B97 /* NefEditorData in Frameworks */ = {isa = PBXBuildFile; productRef = 112FDCB8246AC99A009A2B97 /* NefEditorData */; };
		1139BF7E2462DC5000BC283A /* GitHub in Frameworks */ = {isa = PBXBuildFile; productRef = 1139BF7D2462DC5000BC283A /* GitHub */; };
		1139BF812462E23700BC283A /* AppDependencies.swift in Sources */ = {isa = PBXBuildFile; fileRef = 1139BF802462E23700BC283A /* AppDependencies.swift */; };
		1139BF8624640D3800BC283A /* ICloudStatus.swift in Sources */ = {isa = PBXBuildFile; fileRef = 1139BF8524640D3800BC283A /* ICloudStatus.swift */; };
		1139BF8A24641CB400BC283A /* CreditsView.swift in Sources */ = {isa = PBXBuildFile; fileRef = 1139BF8924641CB400BC283A /* CreditsView.swift */; };
		1139BF8C246425E100BC283A /* LibraryButtonStyle.swift in Sources */ = {isa = PBXBuildFile; fileRef = 1139BF8B246425E100BC283A /* LibraryButtonStyle.swift */; };
		1139BF9024642DCB00BC283A /* CreditsAction.swift in Sources */ = {isa = PBXBuildFile; fileRef = 1139BF8F24642DCB00BC283A /* CreditsAction.swift */; };
		1139BF9324642DF900BC283A /* Library.swift in Sources */ = {isa = PBXBuildFile; fileRef = 1139BF9224642DF900BC283A /* Library.swift */; };
		1139BF9524642F0B00BC283A /* CreditsDispatcher.swift in Sources */ = {isa = PBXBuildFile; fileRef = 1139BF9424642F0B00BC283A /* CreditsDispatcher.swift */; };
		1139BF9A2464321E00BC283A /* CreditsComponent.swift in Sources */ = {isa = PBXBuildFile; fileRef = 1139BF992464321E00BC283A /* CreditsComponent.swift */; };
		1139BF9E24645D0800BC283A /* SignInButton.swift in Sources */ = {isa = PBXBuildFile; fileRef = 1139BF9D24645D0800BC283A /* SignInButton.swift */; };
		1139BFA124645F3400BC283A /* AuthenticationInfo.swift in Sources */ = {isa = PBXBuildFile; fileRef = 1139BFA024645F3400BC283A /* AuthenticationInfo.swift */; };
		1139BFA52464609600BC283A /* GenerationView.swift in Sources */ = {isa = PBXBuildFile; fileRef = 1139BFA42464609600BC283A /* GenerationView.swift */; };
		1139BFA72464634D00BC283A /* AuthenticationState.swift in Sources */ = {isa = PBXBuildFile; fileRef = 1139BFA62464634D00BC283A /* AuthenticationState.swift */; };
		11425434244870FB00B2EA0C /* SearchAction.swift in Sources */ = {isa = PBXBuildFile; fileRef = 11425433244870FB00B2EA0C /* SearchAction.swift */; };
		114254362448732E00B2EA0C /* SearchDispatcher.swift in Sources */ = {isa = PBXBuildFile; fileRef = 114254352448732E00B2EA0C /* SearchDispatcher.swift */; };
		1142543A244879DE00B2EA0C /* SearchComponent.swift in Sources */ = {isa = PBXBuildFile; fileRef = 11425439244879DE00B2EA0C /* SearchComponent.swift */; };
		1142543D2448A80900B2EA0C /* RepositoryDetailAction.swift in Sources */ = {isa = PBXBuildFile; fileRef = 1142543C2448A80900B2EA0C /* RepositoryDetailAction.swift */; };
		1142543F2448A87000B2EA0C /* RepositoryDetailDispatcher.swift in Sources */ = {isa = PBXBuildFile; fileRef = 1142543E2448A87000B2EA0C /* RepositoryDetailDispatcher.swift */; };
		114254422448AEFF00B2EA0C /* RepositoryDetailComponent.swift in Sources */ = {isa = PBXBuildFile; fileRef = 114254412448AEFF00B2EA0C /* RepositoryDetailComponent.swift */; };
		11425445244990AB00B2EA0C /* Data+Equatable.swift in Sources */ = {isa = PBXBuildFile; fileRef = 11425444244990AB00B2EA0C /* Data+Equatable.swift */; };
		1146B09D246F102100DACF98 /* LoadingView.swift in Sources */ = {isa = PBXBuildFile; fileRef = 1146B09C246F102100DACF98 /* LoadingView.swift */; };
		1146B0A6246F14F900DACF98 /* FAQAction.swift in Sources */ = {isa = PBXBuildFile; fileRef = 1146B0A0246F14F900DACF98 /* FAQAction.swift */; };
		1146B0A7246F14F900DACF98 /* FAQDispatcher.swift in Sources */ = {isa = PBXBuildFile; fileRef = 1146B0A1246F14F900DACF98 /* FAQDispatcher.swift */; };
		1146B0A8246F14F900DACF98 /* FAQComponent.swift in Sources */ = {isa = PBXBuildFile; fileRef = 1146B0A3246F14F900DACF98 /* FAQComponent.swift */; };
		1146B0A9246F14F900DACF98 /* FAQView.swift in Sources */ = {isa = PBXBuildFile; fileRef = 1146B0A5246F14F900DACF98 /* FAQView.swift */; };
		114AF44C24597675000116B7 /* View+Modal.swift in Sources */ = {isa = PBXBuildFile; fileRef = 114AF44B24597675000116B7 /* View+Modal.swift */; };
		114AF45224598700000116B7 /* EditAction.swift in Sources */ = {isa = PBXBuildFile; fileRef = 114AF45124598700000116B7 /* EditAction.swift */; };
		114AF45424598736000116B7 /* EditDispatcher.swift in Sources */ = {isa = PBXBuildFile; fileRef = 114AF45324598736000116B7 /* EditDispatcher.swift */; };
		114AF45724598960000116B7 /* EditComponent.swift in Sources */ = {isa = PBXBuildFile; fileRef = 114AF45624598960000116B7 /* EditComponent.swift */; };
		114AF45A24598D78000116B7 /* CatalogDetailAction.swift in Sources */ = {isa = PBXBuildFile; fileRef = 114AF45924598D78000116B7 /* CatalogDetailAction.swift */; };
		114AF45C24598E15000116B7 /* CatalogDetailDispatcher.swift in Sources */ = {isa = PBXBuildFile; fileRef = 114AF45B24598E15000116B7 /* CatalogDetailDispatcher.swift */; };
		114AF45F24598FC0000116B7 /* CatalogDetailComponent.swift in Sources */ = {isa = PBXBuildFile; fileRef = 114AF45E24598FC0000116B7 /* CatalogDetailComponent.swift */; };
		114AF4652459CA18000116B7 /* AppDispatcherTests.swift in Sources */ = {isa = PBXBuildFile; fileRef = 114AF4642459CA18000116B7 /* AppDispatcherTests.swift */; };
		1150CDC3246AEE8C003509B4 /* GenerationSigninView.swift in Sources */ = {isa = PBXBuildFile; fileRef = 1150CDC2246AEE8C003509B4 /* GenerationSigninView.swift */; };
		1150CDC5246AF468003509B4 /* NefEditorUtils in Frameworks */ = {isa = PBXBuildFile; productRef = 1150CDC4246AF468003509B4 /* NefEditorUtils */; };
		1150CDC7246B0D8D003509B4 /* ActivityViewController.swift in Sources */ = {isa = PBXBuildFile; fileRef = 1150CDC6246B0D8D003509B4 /* ActivityViewController.swift */; };
		1150CDC9246C43C0003509B4 /* URLSession+IO.swift in Sources */ = {isa = PBXBuildFile; fileRef = 1150CDC8246C43C0003509B4 /* URLSession+IO.swift */; };
		1155FDCD246D26E900F5F819 /* MainDispatcher.swift in Sources */ = {isa = PBXBuildFile; fileRef = 1155FDCC246D26E900F5F819 /* MainDispatcher.swift */; };
		1155FDCF246D286E00F5F819 /* AppModalState.swift in Sources */ = {isa = PBXBuildFile; fileRef = 1155FDCE246D286E00F5F819 /* AppModalState.swift */; };
		1155FDD1246D2B0E00F5F819 /* AppModalView.swift in Sources */ = {isa = PBXBuildFile; fileRef = 1155FDD0246D2B0E00F5F819 /* AppModalView.swift */; };
		1155FDD3246D2D0100F5F819 /* AppModalComponent.swift in Sources */ = {isa = PBXBuildFile; fileRef = 1155FDD2246D2D0100F5F819 /* AppModalComponent.swift */; };
		1155FDD5246D5D3800F5F819 /* View+Hover.swift in Sources */ = {isa = PBXBuildFile; fileRef = 1155FDD4246D5D3800F5F819 /* View+Hover.swift */; };
		1155FDD7246D696700F5F819 /* NavigationBarButtonStyle.swift in Sources */ = {isa = PBXBuildFile; fileRef = 1155FDD6246D696700F5F819 /* NavigationBarButtonStyle.swift */; };
		1155FDD9246D92AA00F5F819 /* KeyboardPadding.swift in Sources */ = {isa = PBXBuildFile; fileRef = 1155FDD8246D92AA00F5F819 /* KeyboardPadding.swift */; };
		1163838424321FD100EB2DEF /* AppDelegate.swift in Sources */ = {isa = PBXBuildFile; fileRef = 1163838324321FD100EB2DEF /* AppDelegate.swift */; };
		1163838624321FD100EB2DEF /* SceneDelegate.swift in Sources */ = {isa = PBXBuildFile; fileRef = 1163838524321FD100EB2DEF /* SceneDelegate.swift */; };
		1163838A24321FD400EB2DEF /* Assets.xcassets in Resources */ = {isa = PBXBuildFile; fileRef = 1163838924321FD400EB2DEF /* Assets.xcassets */; };
		1163838D24321FD400EB2DEF /* Preview Assets.xcassets in Resources */ = {isa = PBXBuildFile; fileRef = 1163838C24321FD400EB2DEF /* Preview Assets.xcassets */; };
		1163839024321FD400EB2DEF /* LaunchScreen.storyboard in Resources */ = {isa = PBXBuildFile; fileRef = 1163838E24321FD400EB2DEF /* LaunchScreen.storyboard */; };
		1163839B24321FD400EB2DEF /* NefEditorClientTests.swift in Sources */ = {isa = PBXBuildFile; fileRef = 1163839A24321FD400EB2DEF /* NefEditorClientTests.swift */; };
		1163BA87244DF22E005B0785 /* EditRecipeMetadataView.swift in Sources */ = {isa = PBXBuildFile; fileRef = 1163BA86244DF22E005B0785 /* EditRecipeMetadataView.swift */; };
		1163BA8E244DF8B3005B0785 /* AppState.swift in Sources */ = {isa = PBXBuildFile; fileRef = 1163BA8D244DF8B3005B0785 /* AppState.swift */; };
		1163BA90244DF8E4005B0785 /* PanelState.swift in Sources */ = {isa = PBXBuildFile; fileRef = 1163BA8F244DF8E4005B0785 /* PanelState.swift */; };
		1163BA92244DF933005B0785 /* EditState.swift in Sources */ = {isa = PBXBuildFile; fileRef = 1163BA91244DF933005B0785 /* EditState.swift */; };
		1163BA95244ED043005B0785 /* AppAction.swift in Sources */ = {isa = PBXBuildFile; fileRef = 1163BA94244ED043005B0785 /* AppAction.swift */; };
		1163BA97244ED0C5005B0785 /* AppDispatcher.swift in Sources */ = {isa = PBXBuildFile; fileRef = 1163BA96244ED0C5005B0785 /* AppDispatcher.swift */; };
		1163BA9A244ED9A3005B0785 /* AppComponent.swift in Sources */ = {isa = PBXBuildFile; fileRef = 1163BA99244ED9A3005B0785 /* AppComponent.swift */; };
		1187BD65243FABED00FF668F /* FeaturedRecipe.swift in Sources */ = {isa = PBXBuildFile; fileRef = 1187BD64243FABED00FF668F /* FeaturedRecipe.swift */; };
		1187BD67243FAD6300FF668F /* FeaturedRecipeView.swift in Sources */ = {isa = PBXBuildFile; fileRef = 1187BD66243FAD6300FF668F /* FeaturedRecipeView.swift */; };
		1187BD692444525800FF668F /* CatalogItem.swift in Sources */ = {isa = PBXBuildFile; fileRef = 1187BD682444525800FF668F /* CatalogItem.swift */; };
		11AD8DC5243CA8E90005E450 /* BowArch in Frameworks */ = {isa = PBXBuildFile; productRef = 11AD8DC4243CA8E90005E450 /* BowArch */; };
		11AD8DC9243CAAE20005E450 /* RepositoryDetailView.swift in Sources */ = {isa = PBXBuildFile; fileRef = 11AD8DC8243CAAE20005E450 /* RepositoryDetailView.swift */; };
		11AD8DCD243DC4870005E450 /* TagView.swift in Sources */ = {isa = PBXBuildFile; fileRef = 11AD8DCC243DC4870005E450 /* TagView.swift */; };
		11AD8DCF243E16480005E450 /* RegularRecipeView.swift in Sources */ = {isa = PBXBuildFile; fileRef = 11AD8DCE243E16480005E450 /* RegularRecipeView.swift */; };
		11AD8DD5243E19200005E450 /* Recipe.swift in Sources */ = {isa = PBXBuildFile; fileRef = 11AD8DD4243E19200005E450 /* Recipe.swift */; };
		11AD8DD7243E19440005E450 /* Dependency.swift in Sources */ = {isa = PBXBuildFile; fileRef = 11AD8DD6243E19440005E450 /* Dependency.swift */; };
		11AD8DD9243E20BB0005E450 /* TagCloud.swift in Sources */ = {isa = PBXBuildFile; fileRef = 11AD8DD8243E20BB0005E450 /* TagCloud.swift */; };
		11B125B22444BC9000E2D1C3 /* CatalogSectionView.swift in Sources */ = {isa = PBXBuildFile; fileRef = 11B125B02444BC9000E2D1C3 /* CatalogSectionView.swift */; };
		11B125B32444BC9000E2D1C3 /* CatalogItemGridView.swift in Sources */ = {isa = PBXBuildFile; fileRef = 11B125B12444BC9000E2D1C3 /* CatalogItemGridView.swift */; };
		11B125B62444BCAC00E2D1C3 /* Catalog.swift in Sources */ = {isa = PBXBuildFile; fileRef = 11B125B42444BCAC00E2D1C3 /* Catalog.swift */; };
		11B125B72444BCAC00E2D1C3 /* CatalogSection.swift in Sources */ = {isa = PBXBuildFile; fileRef = 11B125B52444BCAC00E2D1C3 /* CatalogSection.swift */; };
		11B125B924459B4800E2D1C3 /* TagViewModel.swift in Sources */ = {isa = PBXBuildFile; fileRef = 11B125B824459B4800E2D1C3 /* TagViewModel.swift */; };
		11B125C02447077000E2D1C3 /* DependencyView.swift in Sources */ = {isa = PBXBuildFile; fileRef = 11B125BF2447077000E2D1C3 /* DependencyView.swift */; };
		11B125C2244709EA00E2D1C3 /* DependencyListView.swift in Sources */ = {isa = PBXBuildFile; fileRef = 11B125C1244709EA00E2D1C3 /* DependencyListView.swift */; };
		11B125C424471E1C00E2D1C3 /* ActionButtonStyle.swift in Sources */ = {isa = PBXBuildFile; fileRef = 11B125C324471E1C00E2D1C3 /* ActionButtonStyle.swift */; };
		11B125C6244721BF00E2D1C3 /* ColorPalette.swift in Sources */ = {isa = PBXBuildFile; fileRef = 11B125C5244721BF00E2D1C3 /* ColorPalette.swift */; };
		11B125C82447242C00E2D1C3 /* TextButtonStyle.swift in Sources */ = {isa = PBXBuildFile; fileRef = 11B125C72447242C00E2D1C3 /* TextButtonStyle.swift */; };
		11BFE9FE243B3C2200D4F891 /* ActivityIndicator.swift in Sources */ = {isa = PBXBuildFile; fileRef = 11BFE9FD243B3C2200D4F891 /* ActivityIndicator.swift */; };
		11BFEA00243B410D00D4F891 /* PreviewData.swift in Sources */ = {isa = PBXBuildFile; fileRef = 11BFE9FF243B410D00D4F891 /* PreviewData.swift */; };
		11BFEA07243B519A00D4F891 /* SearchState.swift in Sources */ = {isa = PBXBuildFile; fileRef = 11BFEA06243B519A00D4F891 /* SearchState.swift */; };
		11BFEA09243B525100D4F891 /* LoadingSearchView.swift in Sources */ = {isa = PBXBuildFile; fileRef = 11BFEA08243B525100D4F891 /* LoadingSearchView.swift */; };
		11BFEA0B243B538300D4F891 /* ViewStyle.swift in Sources */ = {isa = PBXBuildFile; fileRef = 11BFEA0A243B538300D4F891 /* ViewStyle.swift */; };
		11BFEA0D243B553000D4F891 /* InitialSearchView.swift in Sources */ = {isa = PBXBuildFile; fileRef = 11BFEA0C243B553000D4F891 /* InitialSearchView.swift */; };
		11BFEA0F243B560500D4F891 /* EmptySearchView.swift in Sources */ = {isa = PBXBuildFile; fileRef = 11BFEA0E243B560500D4F891 /* EmptySearchView.swift */; };
		11BFEA11243B571B00D4F891 /* ErrorSearchView.swift in Sources */ = {isa = PBXBuildFile; fileRef = 11BFEA10243B571B00D4F891 /* ErrorSearchView.swift */; };
		11C95A5524504E3D00659C97 /* Image+System.swift in Sources */ = {isa = PBXBuildFile; fileRef = 11C95A5424504E3D00659C97 /* Image+System.swift */; };
		11C95AB824584B7200659C97 /* CatalogAction.swift in Sources */ = {isa = PBXBuildFile; fileRef = 11C95AB724584B7200659C97 /* CatalogAction.swift */; };
		11C95ABA24584BE300659C97 /* CatalogDispatcher.swift in Sources */ = {isa = PBXBuildFile; fileRef = 11C95AB924584BE300659C97 /* CatalogDispatcher.swift */; };
		11C95ABD24584D9700659C97 /* CatalogComponent.swift in Sources */ = {isa = PBXBuildFile; fileRef = 11C95ABC24584D9700659C97 /* CatalogComponent.swift */; };
		11CB85932437825100CE4592 /* CardView.swift in Sources */ = {isa = PBXBuildFile; fileRef = 11CB85922437825100CE4592 /* CardView.swift */; };
		11CB85952437848A00CE4592 /* TextStyle.swift in Sources */ = {isa = PBXBuildFile; fileRef = 11CB85942437848A00CE4592 /* TextStyle.swift */; };
		11E07F11243B118F00A0A027 /* GridView.swift in Sources */ = {isa = PBXBuildFile; fileRef = 11E07F10243B118F00A0A027 /* GridView.swift */; };
		11E07F13243B20E000A0A027 /* RepositoryGridView.swift in Sources */ = {isa = PBXBuildFile; fileRef = 11E07F12243B20E000A0A027 /* RepositoryGridView.swift */; };
		11E07F16243B21A200A0A027 /* Array+Extensions.swift in Sources */ = {isa = PBXBuildFile; fileRef = 11E07F15243B21A200A0A027 /* Array+Extensions.swift */; };
		11E07F18243B353500A0A027 /* SearchBar.swift in Sources */ = {isa = PBXBuildFile; fileRef = 11E07F17243B353500A0A027 /* SearchBar.swift */; };
		11EDF4492435F4B70092E959 /* RecipeCatalogView.swift in Sources */ = {isa = PBXBuildFile; fileRef = 11EDF4482435F4B70092E959 /* RecipeCatalogView.swift */; };
		11EDF44B2435F4FE0092E959 /* CatalogItemDetailView.swift in Sources */ = {isa = PBXBuildFile; fileRef = 11EDF44A2435F4FE0092E959 /* CatalogItemDetailView.swift */; };
		11EDF44D2435F5410092E959 /* SearchView.swift in Sources */ = {isa = PBXBuildFile; fileRef = 11EDF44C2435F5410092E959 /* SearchView.swift */; };
		11EDF44F2435F5AA0092E959 /* AppView.swift in Sources */ = {isa = PBXBuildFile; fileRef = 11EDF44E2435F5AA0092E959 /* AppView.swift */; };
		11EDF468243714210092E959 /* github.yaml in Resources */ = {isa = PBXBuildFile; fileRef = 11EDF467243714210092E959 /* github.yaml */; };
		11EF0A7F24373DCE009E894D /* RepositoryView.swift in Sources */ = {isa = PBXBuildFile; fileRef = 11EF0A7E24373DCE009E894D /* RepositoryView.swift */; };
		11FE7AC4246583B80011DB41 /* GenerationState.swift in Sources */ = {isa = PBXBuildFile; fileRef = 11FE7AC3246583B80011DB41 /* GenerationState.swift */; };
		11FE7AC824659BAC0011DB41 /* GenerationComponent.swift in Sources */ = {isa = PBXBuildFile; fileRef = 11FE7AC724659BAC0011DB41 /* GenerationComponent.swift */; };
		11FE7ACB24659C0F0011DB41 /* GenerationAction.swift in Sources */ = {isa = PBXBuildFile; fileRef = 11FE7ACA24659C0F0011DB41 /* GenerationAction.swift */; };
		11FE7ACD2465AD330011DB41 /* GenerationErrorView.swift in Sources */ = {isa = PBXBuildFile; fileRef = 11FE7ACC2465AD330011DB41 /* GenerationErrorView.swift */; };
		11FE7ACF2465B8930011DB41 /* GenerationDispatcher.swift in Sources */ = {isa = PBXBuildFile; fileRef = 11FE7ACE2465B8930011DB41 /* GenerationDispatcher.swift */; };
		11FE7AE4246A99D40011DB41 /* nef.yaml in Resources */ = {isa = PBXBuildFile; fileRef = 11FE7AE3246A99D40011DB41 /* nef.yaml */; };
		8B06E8CA246D4A12008C7189 /* Lottie in Frameworks */ = {isa = PBXBuildFile; productRef = 8B06E8C9246D4A12008C7189 /* Lottie */; };
		8B06E8CC246D4D97008C7189 /* Rectangle+Separator.swift in Sources */ = {isa = PBXBuildFile; fileRef = 8B06E8CB246D4D97008C7189 /* Rectangle+Separator.swift */; };
		8B06E8CE246D5361008C7189 /* SectionTitle.swift in Sources */ = {isa = PBXBuildFile; fileRef = 8B06E8CD246D5361008C7189 /* SectionTitle.swift */; };
		8B3FEAEF246DA3FE00642BF3 /* LottieAnimation.swift in Sources */ = {isa = PBXBuildFile; fileRef = 8B3FEAEE246DA3FE00642BF3 /* LottieAnimation.swift */; };
		8B3FEAF1246DA41900642BF3 /* Animations in Resources */ = {isa = PBXBuildFile; fileRef = 8B3FEAF0246DA41900642BF3 /* Animations */; };
		8B787847246ECD9D003828F0 /* GenerationPlaygroundBookView.swift in Sources */ = {isa = PBXBuildFile; fileRef = 8B787846246ECD9D003828F0 /* GenerationPlaygroundBookView.swift */; };
		8B84D96A248F8B3B003877B1 /* UIOpenURLContext+Recipe.swift in Sources */ = {isa = PBXBuildFile; fileRef = 8B84D969248F8B3B003877B1 /* UIOpenURLContext+Recipe.swift */; };
		8B87B421248E4A6C007372EC /* URLQueryItem+Recipe.swift in Sources */ = {isa = PBXBuildFile; fileRef = 8B87B420248E4A6C007372EC /* URLQueryItem+Recipe.swift */; };
		8B87B426248E838F007372EC /* DeepLinkDispatcher.swift in Sources */ = {isa = PBXBuildFile; fileRef = 8B87B425248E838F007372EC /* DeepLinkDispatcher.swift */; };
		8B87B427248E8486007372EC /* DeepLinkAction.swift in Sources */ = {isa = PBXBuildFile; fileRef = 8B87B422248E82A3007372EC /* DeepLinkAction.swift */; };
		8B87B42B248E852F007372EC /* DeepLinkState.swift in Sources */ = {isa = PBXBuildFile; fileRef = 8B87B42A248E852F007372EC /* DeepLinkState.swift */; };
		8BC3C90B246D7A2600EC9F36 /* GenerationSuccessView.swift in Sources */ = {isa = PBXBuildFile; fileRef = 8BC3C90A246D7A2600EC9F36 /* GenerationSuccessView.swift */; };
/* End PBXBuildFile section */

/* Begin PBXContainerItemProxy section */
		1163839724321FD400EB2DEF /* PBXContainerItemProxy */ = {
			isa = PBXContainerItemProxy;
			containerPortal = 1163837824321FD100EB2DEF /* Project object */;
			proxyType = 1;
			remoteGlobalIDString = 1163837F24321FD100EB2DEF;
			remoteInfo = NefEditorClient;
		};
/* End PBXContainerItemProxy section */

/* Begin PBXFileReference section */
		1101A3AB245AB5F6002A848B /* URLImage.swift */ = {isa = PBXFileReference; lastKnownFileType = sourcecode.swift; path = URLImage.swift; sourceTree = "<group>"; };
		1101A3AF245AB994002A848B /* AvatarView.swift */ = {isa = PBXFileReference; lastKnownFileType = sourcecode.swift; path = AvatarView.swift; sourceTree = "<group>"; };
		1101A3B1245AD23F002A848B /* View+Conditional.swift */ = {isa = PBXFileReference; lastKnownFileType = sourcecode.swift; path = "View+Conditional.swift"; sourceTree = "<group>"; };
		1101A3B3245AD933002A848B /* NefEditorClient.entitlements */ = {isa = PBXFileReference; lastKnownFileType = text.plist.entitlements; path = NefEditorClient.entitlements; sourceTree = "<group>"; };
		11070285243C8178008583EB /* Requirement.swift */ = {isa = PBXFileReference; lastKnownFileType = sourcecode.swift; path = Requirement.swift; sourceTree = "<group>"; };
		11070288243C81DC008583EB /* RequirementView.swift */ = {isa = PBXFileReference; lastKnownFileType = sourcecode.swift; path = RequirementView.swift; sourceTree = "<group>"; };
		1107028A243C9987008583EB /* RepositoryDetailState.swift */ = {isa = PBXFileReference; lastKnownFileType = sourcecode.swift; path = RepositoryDetailState.swift; sourceTree = "<group>"; };
		1107028C243C9A25008583EB /* AnimationView.swift */ = {isa = PBXFileReference; lastKnownFileType = sourcecode.swift; path = AnimationView.swift; sourceTree = "<group>"; };
		1107028E243C9D0A008583EB /* LoadingRequirementsView.swift */ = {isa = PBXFileReference; lastKnownFileType = sourcecode.swift; path = LoadingRequirementsView.swift; sourceTree = "<group>"; };
		11070290243C9DF9008583EB /* ActivityTextView.swift */ = {isa = PBXFileReference; lastKnownFileType = sourcecode.swift; path = ActivityTextView.swift; sourceTree = "<group>"; };
		11070292243C9F27008583EB /* EmptyRequirementsView.swift */ = {isa = PBXFileReference; lastKnownFileType = sourcecode.swift; path = EmptyRequirementsView.swift; sourceTree = "<group>"; };
		11070297243CA10E008583EB /* ErrorRequirementsView.swift */ = {isa = PBXFileReference; lastKnownFileType = sourcecode.swift; path = ErrorRequirementsView.swift; sourceTree = "<group>"; };
		11070299243CA160008583EB /* RequirementListView.swift */ = {isa = PBXFileReference; lastKnownFileType = sourcecode.swift; path = RequirementListView.swift; sourceTree = "<group>"; };
		112EA4E52461868000F91DBA /* NefEditorClientRelease.entitlements */ = {isa = PBXFileReference; lastKnownFileType = text.plist.entitlements; path = NefEditorClientRelease.entitlements; sourceTree = "<group>"; };
		112EA4E724618EC700F91DBA /* Persistence.swift */ = {isa = PBXFileReference; lastKnownFileType = sourcecode.swift; path = Persistence.swift; sourceTree = "<group>"; };
		112EA4E924618F7400F91DBA /* ICloudPersistence.swift */ = {isa = PBXFileReference; lastKnownFileType = sourcecode.swift; path = ICloudPersistence.swift; sourceTree = "<group>"; };
		1139BF802462E23700BC283A /* AppDependencies.swift */ = {isa = PBXFileReference; lastKnownFileType = sourcecode.swift; path = AppDependencies.swift; sourceTree = "<group>"; };
		1139BF8524640D3800BC283A /* ICloudStatus.swift */ = {isa = PBXFileReference; lastKnownFileType = sourcecode.swift; path = ICloudStatus.swift; sourceTree = "<group>"; };
		1139BF8924641CB400BC283A /* CreditsView.swift */ = {isa = PBXFileReference; lastKnownFileType = sourcecode.swift; path = CreditsView.swift; sourceTree = "<group>"; };
		1139BF8B246425E100BC283A /* LibraryButtonStyle.swift */ = {isa = PBXFileReference; lastKnownFileType = sourcecode.swift; path = LibraryButtonStyle.swift; sourceTree = "<group>"; };
		1139BF8F24642DCB00BC283A /* CreditsAction.swift */ = {isa = PBXFileReference; lastKnownFileType = sourcecode.swift; path = CreditsAction.swift; sourceTree = "<group>"; };
		1139BF9224642DF900BC283A /* Library.swift */ = {isa = PBXFileReference; lastKnownFileType = sourcecode.swift; path = Library.swift; sourceTree = "<group>"; };
		1139BF9424642F0B00BC283A /* CreditsDispatcher.swift */ = {isa = PBXFileReference; lastKnownFileType = sourcecode.swift; path = CreditsDispatcher.swift; sourceTree = "<group>"; };
		1139BF992464321E00BC283A /* CreditsComponent.swift */ = {isa = PBXFileReference; lastKnownFileType = sourcecode.swift; path = CreditsComponent.swift; sourceTree = "<group>"; };
		1139BF9D24645D0800BC283A /* SignInButton.swift */ = {isa = PBXFileReference; lastKnownFileType = sourcecode.swift; path = SignInButton.swift; sourceTree = "<group>"; };
		1139BFA024645F3400BC283A /* AuthenticationInfo.swift */ = {isa = PBXFileReference; lastKnownFileType = sourcecode.swift; path = AuthenticationInfo.swift; sourceTree = "<group>"; };
		1139BFA42464609600BC283A /* GenerationView.swift */ = {isa = PBXFileReference; lastKnownFileType = sourcecode.swift; path = GenerationView.swift; sourceTree = "<group>"; };
		1139BFA62464634D00BC283A /* AuthenticationState.swift */ = {isa = PBXFileReference; lastKnownFileType = sourcecode.swift; path = AuthenticationState.swift; sourceTree = "<group>"; };
		11425433244870FB00B2EA0C /* SearchAction.swift */ = {isa = PBXFileReference; lastKnownFileType = sourcecode.swift; path = SearchAction.swift; sourceTree = "<group>"; };
		114254352448732E00B2EA0C /* SearchDispatcher.swift */ = {isa = PBXFileReference; lastKnownFileType = sourcecode.swift; path = SearchDispatcher.swift; sourceTree = "<group>"; };
		11425439244879DE00B2EA0C /* SearchComponent.swift */ = {isa = PBXFileReference; lastKnownFileType = sourcecode.swift; path = SearchComponent.swift; sourceTree = "<group>"; };
		1142543C2448A80900B2EA0C /* RepositoryDetailAction.swift */ = {isa = PBXFileReference; lastKnownFileType = sourcecode.swift; path = RepositoryDetailAction.swift; sourceTree = "<group>"; };
		1142543E2448A87000B2EA0C /* RepositoryDetailDispatcher.swift */ = {isa = PBXFileReference; lastKnownFileType = sourcecode.swift; path = RepositoryDetailDispatcher.swift; sourceTree = "<group>"; };
		114254412448AEFF00B2EA0C /* RepositoryDetailComponent.swift */ = {isa = PBXFileReference; lastKnownFileType = sourcecode.swift; path = RepositoryDetailComponent.swift; sourceTree = "<group>"; };
		11425444244990AB00B2EA0C /* Data+Equatable.swift */ = {isa = PBXFileReference; lastKnownFileType = sourcecode.swift; path = "Data+Equatable.swift"; sourceTree = "<group>"; };
		1146B09C246F102100DACF98 /* LoadingView.swift */ = {isa = PBXFileReference; lastKnownFileType = sourcecode.swift; path = LoadingView.swift; sourceTree = "<group>"; };
		1146B0A0246F14F900DACF98 /* FAQAction.swift */ = {isa = PBXFileReference; fileEncoding = 4; lastKnownFileType = sourcecode.swift; path = FAQAction.swift; sourceTree = "<group>"; };
		1146B0A1246F14F900DACF98 /* FAQDispatcher.swift */ = {isa = PBXFileReference; fileEncoding = 4; lastKnownFileType = sourcecode.swift; path = FAQDispatcher.swift; sourceTree = "<group>"; };
		1146B0A3246F14F900DACF98 /* FAQComponent.swift */ = {isa = PBXFileReference; fileEncoding = 4; lastKnownFileType = sourcecode.swift; path = FAQComponent.swift; sourceTree = "<group>"; };
		1146B0A5246F14F900DACF98 /* FAQView.swift */ = {isa = PBXFileReference; fileEncoding = 4; lastKnownFileType = sourcecode.swift; path = FAQView.swift; sourceTree = "<group>"; };
		114AF44B24597675000116B7 /* View+Modal.swift */ = {isa = PBXFileReference; lastKnownFileType = sourcecode.swift; path = "View+Modal.swift"; sourceTree = "<group>"; };
		114AF45124598700000116B7 /* EditAction.swift */ = {isa = PBXFileReference; lastKnownFileType = sourcecode.swift; path = EditAction.swift; sourceTree = "<group>"; };
		114AF45324598736000116B7 /* EditDispatcher.swift */ = {isa = PBXFileReference; lastKnownFileType = sourcecode.swift; path = EditDispatcher.swift; sourceTree = "<group>"; };
		114AF45624598960000116B7 /* EditComponent.swift */ = {isa = PBXFileReference; lastKnownFileType = sourcecode.swift; path = EditComponent.swift; sourceTree = "<group>"; };
		114AF45924598D78000116B7 /* CatalogDetailAction.swift */ = {isa = PBXFileReference; lastKnownFileType = sourcecode.swift; path = CatalogDetailAction.swift; sourceTree = "<group>"; };
		114AF45B24598E15000116B7 /* CatalogDetailDispatcher.swift */ = {isa = PBXFileReference; lastKnownFileType = sourcecode.swift; path = CatalogDetailDispatcher.swift; sourceTree = "<group>"; };
		114AF45E24598FC0000116B7 /* CatalogDetailComponent.swift */ = {isa = PBXFileReference; lastKnownFileType = sourcecode.swift; path = CatalogDetailComponent.swift; sourceTree = "<group>"; };
		114AF4642459CA18000116B7 /* AppDispatcherTests.swift */ = {isa = PBXFileReference; lastKnownFileType = sourcecode.swift; path = AppDispatcherTests.swift; sourceTree = "<group>"; };
		1150CDC2246AEE8C003509B4 /* GenerationSigninView.swift */ = {isa = PBXFileReference; lastKnownFileType = sourcecode.swift; path = GenerationSigninView.swift; sourceTree = "<group>"; };
		1150CDC6246B0D8D003509B4 /* ActivityViewController.swift */ = {isa = PBXFileReference; lastKnownFileType = sourcecode.swift; path = ActivityViewController.swift; sourceTree = "<group>"; };
		1150CDC8246C43C0003509B4 /* URLSession+IO.swift */ = {isa = PBXFileReference; lastKnownFileType = sourcecode.swift; path = "URLSession+IO.swift"; sourceTree = "<group>"; };
		1155FDCC246D26E900F5F819 /* MainDispatcher.swift */ = {isa = PBXFileReference; lastKnownFileType = sourcecode.swift; path = MainDispatcher.swift; sourceTree = "<group>"; };
		1155FDCE246D286E00F5F819 /* AppModalState.swift */ = {isa = PBXFileReference; lastKnownFileType = sourcecode.swift; path = AppModalState.swift; sourceTree = "<group>"; };
		1155FDD0246D2B0E00F5F819 /* AppModalView.swift */ = {isa = PBXFileReference; lastKnownFileType = sourcecode.swift; path = AppModalView.swift; sourceTree = "<group>"; };
		1155FDD2246D2D0100F5F819 /* AppModalComponent.swift */ = {isa = PBXFileReference; lastKnownFileType = sourcecode.swift; path = AppModalComponent.swift; sourceTree = "<group>"; };
		1155FDD4246D5D3800F5F819 /* View+Hover.swift */ = {isa = PBXFileReference; lastKnownFileType = sourcecode.swift; path = "View+Hover.swift"; sourceTree = "<group>"; };
		1155FDD6246D696700F5F819 /* NavigationBarButtonStyle.swift */ = {isa = PBXFileReference; lastKnownFileType = sourcecode.swift; path = NavigationBarButtonStyle.swift; sourceTree = "<group>"; };
		1155FDD8246D92AA00F5F819 /* KeyboardPadding.swift */ = {isa = PBXFileReference; lastKnownFileType = sourcecode.swift; path = KeyboardPadding.swift; sourceTree = "<group>"; };
		1163838024321FD100EB2DEF /* nef.app */ = {isa = PBXFileReference; explicitFileType = wrapper.application; includeInIndex = 0; path = nef.app; sourceTree = BUILT_PRODUCTS_DIR; };
		1163838324321FD100EB2DEF /* AppDelegate.swift */ = {isa = PBXFileReference; lastKnownFileType = sourcecode.swift; path = AppDelegate.swift; sourceTree = "<group>"; };
		1163838524321FD100EB2DEF /* SceneDelegate.swift */ = {isa = PBXFileReference; lastKnownFileType = sourcecode.swift; path = SceneDelegate.swift; sourceTree = "<group>"; };
		1163838924321FD400EB2DEF /* Assets.xcassets */ = {isa = PBXFileReference; lastKnownFileType = folder.assetcatalog; path = Assets.xcassets; sourceTree = "<group>"; };
		1163838C24321FD400EB2DEF /* Preview Assets.xcassets */ = {isa = PBXFileReference; lastKnownFileType = folder.assetcatalog; path = "Preview Assets.xcassets"; sourceTree = "<group>"; };
		1163838F24321FD400EB2DEF /* Base */ = {isa = PBXFileReference; lastKnownFileType = file.storyboard; name = Base; path = Base.lproj/LaunchScreen.storyboard; sourceTree = "<group>"; };
		1163839124321FD400EB2DEF /* Info.plist */ = {isa = PBXFileReference; lastKnownFileType = text.plist.xml; path = Info.plist; sourceTree = "<group>"; };
		1163839624321FD400EB2DEF /* NefEditorClientTests.xctest */ = {isa = PBXFileReference; explicitFileType = wrapper.cfbundle; includeInIndex = 0; path = NefEditorClientTests.xctest; sourceTree = BUILT_PRODUCTS_DIR; };
		1163839A24321FD400EB2DEF /* NefEditorClientTests.swift */ = {isa = PBXFileReference; lastKnownFileType = sourcecode.swift; path = NefEditorClientTests.swift; sourceTree = "<group>"; };
		1163839C24321FD400EB2DEF /* Info.plist */ = {isa = PBXFileReference; lastKnownFileType = text.plist.xml; path = Info.plist; sourceTree = "<group>"; };
		1163BA86244DF22E005B0785 /* EditRecipeMetadataView.swift */ = {isa = PBXFileReference; lastKnownFileType = sourcecode.swift; path = EditRecipeMetadataView.swift; sourceTree = "<group>"; };
		1163BA8D244DF8B3005B0785 /* AppState.swift */ = {isa = PBXFileReference; lastKnownFileType = sourcecode.swift; path = AppState.swift; sourceTree = "<group>"; };
		1163BA8F244DF8E4005B0785 /* PanelState.swift */ = {isa = PBXFileReference; lastKnownFileType = sourcecode.swift; path = PanelState.swift; sourceTree = "<group>"; };
		1163BA91244DF933005B0785 /* EditState.swift */ = {isa = PBXFileReference; lastKnownFileType = sourcecode.swift; path = EditState.swift; sourceTree = "<group>"; };
		1163BA94244ED043005B0785 /* AppAction.swift */ = {isa = PBXFileReference; lastKnownFileType = sourcecode.swift; path = AppAction.swift; sourceTree = "<group>"; };
		1163BA96244ED0C5005B0785 /* AppDispatcher.swift */ = {isa = PBXFileReference; lastKnownFileType = sourcecode.swift; path = AppDispatcher.swift; sourceTree = "<group>"; };
		1163BA99244ED9A3005B0785 /* AppComponent.swift */ = {isa = PBXFileReference; lastKnownFileType = sourcecode.swift; path = AppComponent.swift; sourceTree = "<group>"; };
		1187BD64243FABED00FF668F /* FeaturedRecipe.swift */ = {isa = PBXFileReference; lastKnownFileType = sourcecode.swift; path = FeaturedRecipe.swift; sourceTree = "<group>"; };
		1187BD66243FAD6300FF668F /* FeaturedRecipeView.swift */ = {isa = PBXFileReference; lastKnownFileType = sourcecode.swift; path = FeaturedRecipeView.swift; sourceTree = "<group>"; };
		1187BD682444525800FF668F /* CatalogItem.swift */ = {isa = PBXFileReference; lastKnownFileType = sourcecode.swift; path = CatalogItem.swift; sourceTree = "<group>"; };
		11AD8DC8243CAAE20005E450 /* RepositoryDetailView.swift */ = {isa = PBXFileReference; lastKnownFileType = sourcecode.swift; path = RepositoryDetailView.swift; sourceTree = "<group>"; };
		11AD8DCC243DC4870005E450 /* TagView.swift */ = {isa = PBXFileReference; lastKnownFileType = sourcecode.swift; path = TagView.swift; sourceTree = "<group>"; };
		11AD8DCE243E16480005E450 /* RegularRecipeView.swift */ = {isa = PBXFileReference; lastKnownFileType = sourcecode.swift; path = RegularRecipeView.swift; sourceTree = "<group>"; };
		11AD8DD4243E19200005E450 /* Recipe.swift */ = {isa = PBXFileReference; lastKnownFileType = sourcecode.swift; path = Recipe.swift; sourceTree = "<group>"; };
		11AD8DD6243E19440005E450 /* Dependency.swift */ = {isa = PBXFileReference; lastKnownFileType = sourcecode.swift; path = Dependency.swift; sourceTree = "<group>"; };
		11AD8DD8243E20BB0005E450 /* TagCloud.swift */ = {isa = PBXFileReference; lastKnownFileType = sourcecode.swift; path = TagCloud.swift; sourceTree = "<group>"; };
		11B125B02444BC9000E2D1C3 /* CatalogSectionView.swift */ = {isa = PBXFileReference; fileEncoding = 4; lastKnownFileType = sourcecode.swift; path = CatalogSectionView.swift; sourceTree = "<group>"; };
		11B125B12444BC9000E2D1C3 /* CatalogItemGridView.swift */ = {isa = PBXFileReference; fileEncoding = 4; lastKnownFileType = sourcecode.swift; path = CatalogItemGridView.swift; sourceTree = "<group>"; };
		11B125B42444BCAC00E2D1C3 /* Catalog.swift */ = {isa = PBXFileReference; fileEncoding = 4; lastKnownFileType = sourcecode.swift; path = Catalog.swift; sourceTree = "<group>"; };
		11B125B52444BCAC00E2D1C3 /* CatalogSection.swift */ = {isa = PBXFileReference; fileEncoding = 4; lastKnownFileType = sourcecode.swift; path = CatalogSection.swift; sourceTree = "<group>"; };
		11B125B824459B4800E2D1C3 /* TagViewModel.swift */ = {isa = PBXFileReference; lastKnownFileType = sourcecode.swift; path = TagViewModel.swift; sourceTree = "<group>"; };
		11B125BF2447077000E2D1C3 /* DependencyView.swift */ = {isa = PBXFileReference; lastKnownFileType = sourcecode.swift; path = DependencyView.swift; sourceTree = "<group>"; };
		11B125C1244709EA00E2D1C3 /* DependencyListView.swift */ = {isa = PBXFileReference; lastKnownFileType = sourcecode.swift; path = DependencyListView.swift; sourceTree = "<group>"; };
		11B125C324471E1C00E2D1C3 /* ActionButtonStyle.swift */ = {isa = PBXFileReference; lastKnownFileType = sourcecode.swift; path = ActionButtonStyle.swift; sourceTree = "<group>"; };
		11B125C5244721BF00E2D1C3 /* ColorPalette.swift */ = {isa = PBXFileReference; lastKnownFileType = sourcecode.swift; path = ColorPalette.swift; sourceTree = "<group>"; };
		11B125C72447242C00E2D1C3 /* TextButtonStyle.swift */ = {isa = PBXFileReference; lastKnownFileType = sourcecode.swift; path = TextButtonStyle.swift; sourceTree = "<group>"; };
		11BFE9FD243B3C2200D4F891 /* ActivityIndicator.swift */ = {isa = PBXFileReference; lastKnownFileType = sourcecode.swift; path = ActivityIndicator.swift; sourceTree = "<group>"; };
		11BFE9FF243B410D00D4F891 /* PreviewData.swift */ = {isa = PBXFileReference; lastKnownFileType = sourcecode.swift; path = PreviewData.swift; sourceTree = "<group>"; };
		11BFEA06243B519A00D4F891 /* SearchState.swift */ = {isa = PBXFileReference; lastKnownFileType = sourcecode.swift; path = SearchState.swift; sourceTree = "<group>"; };
		11BFEA08243B525100D4F891 /* LoadingSearchView.swift */ = {isa = PBXFileReference; lastKnownFileType = sourcecode.swift; path = LoadingSearchView.swift; sourceTree = "<group>"; };
		11BFEA0A243B538300D4F891 /* ViewStyle.swift */ = {isa = PBXFileReference; lastKnownFileType = sourcecode.swift; path = ViewStyle.swift; sourceTree = "<group>"; };
		11BFEA0C243B553000D4F891 /* InitialSearchView.swift */ = {isa = PBXFileReference; lastKnownFileType = sourcecode.swift; path = InitialSearchView.swift; sourceTree = "<group>"; };
		11BFEA0E243B560500D4F891 /* EmptySearchView.swift */ = {isa = PBXFileReference; lastKnownFileType = sourcecode.swift; path = EmptySearchView.swift; sourceTree = "<group>"; };
		11BFEA10243B571B00D4F891 /* ErrorSearchView.swift */ = {isa = PBXFileReference; lastKnownFileType = sourcecode.swift; path = ErrorSearchView.swift; sourceTree = "<group>"; };
		11C95A5424504E3D00659C97 /* Image+System.swift */ = {isa = PBXFileReference; lastKnownFileType = sourcecode.swift; path = "Image+System.swift"; sourceTree = "<group>"; };
		11C95AB724584B7200659C97 /* CatalogAction.swift */ = {isa = PBXFileReference; lastKnownFileType = sourcecode.swift; path = CatalogAction.swift; sourceTree = "<group>"; };
		11C95AB924584BE300659C97 /* CatalogDispatcher.swift */ = {isa = PBXFileReference; lastKnownFileType = sourcecode.swift; path = CatalogDispatcher.swift; sourceTree = "<group>"; };
		11C95ABC24584D9700659C97 /* CatalogComponent.swift */ = {isa = PBXFileReference; lastKnownFileType = sourcecode.swift; path = CatalogComponent.swift; sourceTree = "<group>"; };
		11CB85922437825100CE4592 /* CardView.swift */ = {isa = PBXFileReference; lastKnownFileType = sourcecode.swift; path = CardView.swift; sourceTree = "<group>"; };
		11CB85942437848A00CE4592 /* TextStyle.swift */ = {isa = PBXFileReference; lastKnownFileType = sourcecode.swift; path = TextStyle.swift; sourceTree = "<group>"; };
		11CDD930247444AD0002E45F /* NefAPI */ = {isa = PBXFileReference; lastKnownFileType = folder; path = NefAPI; sourceTree = "<group>"; };
		11CDD931247444AD0002E45F /* GitHub */ = {isa = PBXFileReference; lastKnownFileType = folder; path = GitHub; sourceTree = "<group>"; };
		11E07F10243B118F00A0A027 /* GridView.swift */ = {isa = PBXFileReference; lastKnownFileType = sourcecode.swift; path = GridView.swift; sourceTree = "<group>"; };
		11E07F12243B20E000A0A027 /* RepositoryGridView.swift */ = {isa = PBXFileReference; lastKnownFileType = sourcecode.swift; path = RepositoryGridView.swift; sourceTree = "<group>"; };
		11E07F15243B21A200A0A027 /* Array+Extensions.swift */ = {isa = PBXFileReference; lastKnownFileType = sourcecode.swift; path = "Array+Extensions.swift"; sourceTree = "<group>"; };
		11E07F17243B353500A0A027 /* SearchBar.swift */ = {isa = PBXFileReference; lastKnownFileType = sourcecode.swift; path = SearchBar.swift; sourceTree = "<group>"; };
		11EDF4482435F4B70092E959 /* RecipeCatalogView.swift */ = {isa = PBXFileReference; lastKnownFileType = sourcecode.swift; path = RecipeCatalogView.swift; sourceTree = "<group>"; };
		11EDF44A2435F4FE0092E959 /* CatalogItemDetailView.swift */ = {isa = PBXFileReference; lastKnownFileType = sourcecode.swift; path = CatalogItemDetailView.swift; sourceTree = "<group>"; };
		11EDF44C2435F5410092E959 /* SearchView.swift */ = {isa = PBXFileReference; lastKnownFileType = sourcecode.swift; path = SearchView.swift; sourceTree = "<group>"; };
		11EDF44E2435F5AA0092E959 /* AppView.swift */ = {isa = PBXFileReference; lastKnownFileType = sourcecode.swift; path = AppView.swift; sourceTree = "<group>"; };
		11EDF467243714210092E959 /* github.yaml */ = {isa = PBXFileReference; fileEncoding = 4; lastKnownFileType = text.yaml; path = github.yaml; sourceTree = "<group>"; };
		11EF0A7E24373DCE009E894D /* RepositoryView.swift */ = {isa = PBXFileReference; lastKnownFileType = sourcecode.swift; path = RepositoryView.swift; sourceTree = "<group>"; };
		11FE7AC3246583B80011DB41 /* GenerationState.swift */ = {isa = PBXFileReference; lastKnownFileType = sourcecode.swift; path = GenerationState.swift; sourceTree = "<group>"; };
		11FE7AC724659BAC0011DB41 /* GenerationComponent.swift */ = {isa = PBXFileReference; lastKnownFileType = sourcecode.swift; path = GenerationComponent.swift; sourceTree = "<group>"; };
		11FE7ACA24659C0F0011DB41 /* GenerationAction.swift */ = {isa = PBXFileReference; lastKnownFileType = sourcecode.swift; path = GenerationAction.swift; sourceTree = "<group>"; };
		11FE7ACC2465AD330011DB41 /* GenerationErrorView.swift */ = {isa = PBXFileReference; lastKnownFileType = sourcecode.swift; path = GenerationErrorView.swift; sourceTree = "<group>"; };
		11FE7ACE2465B8930011DB41 /* GenerationDispatcher.swift */ = {isa = PBXFileReference; lastKnownFileType = sourcecode.swift; path = GenerationDispatcher.swift; sourceTree = "<group>"; };
		11FE7AE3246A99D40011DB41 /* nef.yaml */ = {isa = PBXFileReference; fileEncoding = 4; lastKnownFileType = text.yaml; path = nef.yaml; sourceTree = "<group>"; };
		8B06E8CB246D4D97008C7189 /* Rectangle+Separator.swift */ = {isa = PBXFileReference; lastKnownFileType = sourcecode.swift; path = "Rectangle+Separator.swift"; sourceTree = "<group>"; };
		8B06E8CD246D5361008C7189 /* SectionTitle.swift */ = {isa = PBXFileReference; lastKnownFileType = sourcecode.swift; path = SectionTitle.swift; sourceTree = "<group>"; };
		8B3FEAEE246DA3FE00642BF3 /* LottieAnimation.swift */ = {isa = PBXFileReference; fileEncoding = 4; lastKnownFileType = sourcecode.swift; path = LottieAnimation.swift; sourceTree = "<group>"; };
		8B3FEAF0246DA41900642BF3 /* Animations */ = {isa = PBXFileReference; lastKnownFileType = folder; path = Animations; sourceTree = "<group>"; };
		8B787846246ECD9D003828F0 /* GenerationPlaygroundBookView.swift */ = {isa = PBXFileReference; lastKnownFileType = sourcecode.swift; path = GenerationPlaygroundBookView.swift; sourceTree = "<group>"; };
		8B84D969248F8B3B003877B1 /* UIOpenURLContext+Recipe.swift */ = {isa = PBXFileReference; lastKnownFileType = sourcecode.swift; path = "UIOpenURLContext+Recipe.swift"; sourceTree = "<group>"; };
		8B87B420248E4A6C007372EC /* URLQueryItem+Recipe.swift */ = {isa = PBXFileReference; lastKnownFileType = sourcecode.swift; path = "URLQueryItem+Recipe.swift"; sourceTree = "<group>"; };
		8B87B422248E82A3007372EC /* DeepLinkAction.swift */ = {isa = PBXFileReference; lastKnownFileType = sourcecode.swift; path = DeepLinkAction.swift; sourceTree = "<group>"; };
		8B87B425248E838F007372EC /* DeepLinkDispatcher.swift */ = {isa = PBXFileReference; lastKnownFileType = sourcecode.swift; path = DeepLinkDispatcher.swift; sourceTree = "<group>"; };
		8B87B42A248E852F007372EC /* DeepLinkState.swift */ = {isa = PBXFileReference; lastKnownFileType = sourcecode.swift; path = DeepLinkState.swift; sourceTree = "<group>"; };
		8BC3C90A246D7A2600EC9F36 /* GenerationSuccessView.swift */ = {isa = PBXFileReference; lastKnownFileType = sourcecode.swift; path = GenerationSuccessView.swift; sourceTree = "<group>"; };
/* End PBXFileReference section */

/* Begin PBXFrameworksBuildPhase section */
		1163837D24321FD100EB2DEF /* Frameworks */ = {
			isa = PBXFrameworksBuildPhase;
			buildActionMask = 2147483647;
			files = (
				1150CDC5246AF468003509B4 /* NefEditorUtils in Frameworks */,
				112FDCB6246AC8FD009A2B97 /* NefAPI in Frameworks */,
				11AD8DC5243CA8E90005E450 /* BowArch in Frameworks */,
				1139BF7E2462DC5000BC283A /* GitHub in Frameworks */,
				112FDCB9246AC99A009A2B97 /* NefEditorData in Frameworks */,
				8B06E8CA246D4A12008C7189 /* Lottie in Frameworks */,
			);
			runOnlyForDeploymentPostprocessing = 0;
		};
		1163839324321FD400EB2DEF /* Frameworks */ = {
			isa = PBXFrameworksBuildPhase;
			buildActionMask = 2147483647;
			files = (
			);
			runOnlyForDeploymentPostprocessing = 0;
		};
/* End PBXFrameworksBuildPhase section */

/* Begin PBXGroup section */
		11070283243C7FB4008583EB /* Requirements */ = {
			isa = PBXGroup;
			children = (
				114254402448AEEF00B2EA0C /* Component */,
				1142543B2448A7EF00B2EA0C /* Logic */,
				11070284243C8168008583EB /* State */,
				11070287243C81CC008583EB /* View */,
			);
			path = Requirements;
			sourceTree = "<group>";
		};
		11070284243C8168008583EB /* State */ = {
			isa = PBXGroup;
			children = (
				1107028A243C9987008583EB /* RepositoryDetailState.swift */,
				11070285243C8178008583EB /* Requirement.swift */,
			);
			path = State;
			sourceTree = "<group>";
		};
		11070287243C81CC008583EB /* View */ = {
			isa = PBXGroup;
			children = (
				11070292243C9F27008583EB /* EmptyRequirementsView.swift */,
				11070297243CA10E008583EB /* ErrorRequirementsView.swift */,
				1107028E243C9D0A008583EB /* LoadingRequirementsView.swift */,
				11070299243CA160008583EB /* RequirementListView.swift */,
				11070288243C81DC008583EB /* RequirementView.swift */,
				11AD8DC8243CAAE20005E450 /* RepositoryDetailView.swift */,
			);
			path = View;
			sourceTree = "<group>";
		};
		112EA4E624618EA500F91DBA /* Persistence */ = {
			isa = PBXGroup;
			children = (
				112EA4E724618EC700F91DBA /* Persistence.swift */,
				112EA4E924618F7400F91DBA /* ICloudPersistence.swift */,
			);
			path = Persistence;
			sourceTree = "<group>";
		};
		1139BF7F2462E21700BC283A /* Dependencies */ = {
			isa = PBXGroup;
			children = (
				1139BF802462E23700BC283A /* AppDependencies.swift */,
			);
			path = Dependencies;
			sourceTree = "<group>";
		};
		1139BF8724641C9D00BC283A /* Credits */ = {
			isa = PBXGroup;
			children = (
				1139BF982464320F00BC283A /* Component */,
				1139BF8E24642DBD00BC283A /* Logic */,
				1139BF9124642DE700BC283A /* State */,
				1139BF8824641CA800BC283A /* View */,
			);
			path = Credits;
			sourceTree = "<group>";
		};
		1139BF8824641CA800BC283A /* View */ = {
			isa = PBXGroup;
			children = (
				1139BF8924641CB400BC283A /* CreditsView.swift */,
			);
			path = View;
			sourceTree = "<group>";
		};
		1139BF8E24642DBD00BC283A /* Logic */ = {
			isa = PBXGroup;
			children = (
				1139BF8F24642DCB00BC283A /* CreditsAction.swift */,
				1139BF9424642F0B00BC283A /* CreditsDispatcher.swift */,
			);
			path = Logic;
			sourceTree = "<group>";
		};
		1139BF9124642DE700BC283A /* State */ = {
			isa = PBXGroup;
			children = (
				1139BF9224642DF900BC283A /* Library.swift */,
			);
			path = State;
			sourceTree = "<group>";
		};
		1139BF982464320F00BC283A /* Component */ = {
			isa = PBXGroup;
			children = (
				1139BF992464321E00BC283A /* CreditsComponent.swift */,
			);
			path = Component;
			sourceTree = "<group>";
		};
		1139BF9B24645B0000BC283A /* Authentication */ = {
			isa = PBXGroup;
			children = (
				1139BF9F24645F2000BC283A /* State */,
				1139BF9C24645CF600BC283A /* View */,
			);
			path = Authentication;
			sourceTree = "<group>";
		};
		1139BF9C24645CF600BC283A /* View */ = {
			isa = PBXGroup;
			children = (
				1139BF9D24645D0800BC283A /* SignInButton.swift */,
			);
			path = View;
			sourceTree = "<group>";
		};
		1139BF9F24645F2000BC283A /* State */ = {
			isa = PBXGroup;
			children = (
				1139BFA024645F3400BC283A /* AuthenticationInfo.swift */,
				1139BFA62464634D00BC283A /* AuthenticationState.swift */,
			);
			path = State;
			sourceTree = "<group>";
		};
		1139BFA22464604B00BC283A /* Generation */ = {
			isa = PBXGroup;
			children = (
				11FE7AC624659B9C0011DB41 /* Component */,
				11FE7AC924659BFA0011DB41 /* Logic */,
				11FE7AC5246583CA0011DB41 /* State */,
				1139BFA32464608B00BC283A /* View */,
			);
			path = Generation;
			sourceTree = "<group>";
		};
		1139BFA32464608B00BC283A /* View */ = {
			isa = PBXGroup;
			children = (
				11FE7ACC2465AD330011DB41 /* GenerationErrorView.swift */,
				8B787846246ECD9D003828F0 /* GenerationPlaygroundBookView.swift */,
				1150CDC2246AEE8C003509B4 /* GenerationSigninView.swift */,
				8BC3C90A246D7A2600EC9F36 /* GenerationSuccessView.swift */,
				1139BFA42464609600BC283A /* GenerationView.swift */,
			);
			path = View;
			sourceTree = "<group>";
		};
		11425432244870ED00B2EA0C /* Logic */ = {
			isa = PBXGroup;
			children = (
				11425433244870FB00B2EA0C /* SearchAction.swift */,
				114254352448732E00B2EA0C /* SearchDispatcher.swift */,
			);
			path = Logic;
			sourceTree = "<group>";
		};
		11425438244879C300B2EA0C /* Component */ = {
			isa = PBXGroup;
			children = (
				11425439244879DE00B2EA0C /* SearchComponent.swift */,
			);
			path = Component;
			sourceTree = "<group>";
		};
		1142543B2448A7EF00B2EA0C /* Logic */ = {
			isa = PBXGroup;
			children = (
				1142543C2448A80900B2EA0C /* RepositoryDetailAction.swift */,
				1142543E2448A87000B2EA0C /* RepositoryDetailDispatcher.swift */,
			);
			path = Logic;
			sourceTree = "<group>";
		};
		114254402448AEEF00B2EA0C /* Component */ = {
			isa = PBXGroup;
			children = (
				114254412448AEFF00B2EA0C /* RepositoryDetailComponent.swift */,
			);
			path = Component;
			sourceTree = "<group>";
		};
		114254432449909600B2EA0C /* GitHubExtensions */ = {
			isa = PBXGroup;
			children = (
				11425444244990AB00B2EA0C /* Data+Equatable.swift */,
			);
			path = GitHubExtensions;
			sourceTree = "<group>";
		};
		1146B09E246F14F900DACF98 /* FAQ */ = {
			isa = PBXGroup;
			children = (
				1146B09F246F14F900DACF98 /* Logic */,
				1146B0A2246F14F900DACF98 /* Component */,
				1146B0A4246F14F900DACF98 /* View */,
			);
			path = FAQ;
			sourceTree = "<group>";
		};
		1146B09F246F14F900DACF98 /* Logic */ = {
			isa = PBXGroup;
			children = (
				1146B0A0246F14F900DACF98 /* FAQAction.swift */,
				1146B0A1246F14F900DACF98 /* FAQDispatcher.swift */,
			);
			path = Logic;
			sourceTree = "<group>";
		};
		1146B0A2246F14F900DACF98 /* Component */ = {
			isa = PBXGroup;
			children = (
				1146B0A3246F14F900DACF98 /* FAQComponent.swift */,
			);
			path = Component;
			sourceTree = "<group>";
		};
		1146B0A4246F14F900DACF98 /* View */ = {
			isa = PBXGroup;
			children = (
				1146B0A5246F14F900DACF98 /* FAQView.swift */,
			);
			path = View;
			sourceTree = "<group>";
		};
		114AF44D2459863B000116B7 /* Edit */ = {
			isa = PBXGroup;
			children = (
				114AF45524598954000116B7 /* Component */,
				114AF44F24598655000116B7 /* Logic */,
				114AF45024598671000116B7 /* State */,
				114AF44E2459864A000116B7 /* View */,
			);
			path = Edit;
			sourceTree = "<group>";
		};
		114AF44E2459864A000116B7 /* View */ = {
			isa = PBXGroup;
			children = (
				1163BA86244DF22E005B0785 /* EditRecipeMetadataView.swift */,
			);
			path = View;
			sourceTree = "<group>";
		};
		114AF44F24598655000116B7 /* Logic */ = {
			isa = PBXGroup;
			children = (
				114AF45124598700000116B7 /* EditAction.swift */,
				114AF45324598736000116B7 /* EditDispatcher.swift */,
			);
			path = Logic;
			sourceTree = "<group>";
		};
		114AF45024598671000116B7 /* State */ = {
			isa = PBXGroup;
			children = (
				1163BA91244DF933005B0785 /* EditState.swift */,
			);
			path = State;
			sourceTree = "<group>";
		};
		114AF45524598954000116B7 /* Component */ = {
			isa = PBXGroup;
			children = (
				114AF45624598960000116B7 /* EditComponent.swift */,
			);
			path = Component;
			sourceTree = "<group>";
		};
		114AF45824598D63000116B7 /* Logic */ = {
			isa = PBXGroup;
			children = (
				114AF45924598D78000116B7 /* CatalogDetailAction.swift */,
				114AF45B24598E15000116B7 /* CatalogDetailDispatcher.swift */,
			);
			path = Logic;
			sourceTree = "<group>";
		};
		114AF45D24598FAC000116B7 /* Component */ = {
			isa = PBXGroup;
			children = (
				114AF45E24598FC0000116B7 /* CatalogDetailComponent.swift */,
			);
			path = Component;
			sourceTree = "<group>";
		};
		1163837724321FD100EB2DEF = {
			isa = PBXGroup;
			children = (
				11EDF467243714210092E959 /* github.yaml */,
				11FE7AE3246A99D40011DB41 /* nef.yaml */,
				11CDD931247444AD0002E45F /* GitHub */,
				11CDD930247444AD0002E45F /* NefAPI */,
				1163838224321FD100EB2DEF /* NefEditorClient */,
				1163839924321FD400EB2DEF /* NefEditorClientTests */,
				1163838124321FD100EB2DEF /* Products */,
				11EF0A8024373E46009E894D /* Frameworks */,
			);
			sourceTree = "<group>";
		};
		1163838124321FD100EB2DEF /* Products */ = {
			isa = PBXGroup;
			children = (
				1163838024321FD100EB2DEF /* nef.app */,
				1163839624321FD400EB2DEF /* NefEditorClientTests.xctest */,
			);
			name = Products;
			sourceTree = "<group>";
		};
		1163838224321FD100EB2DEF /* NefEditorClient */ = {
			isa = PBXGroup;
			children = (
				8B3FEAF0246DA41900642BF3 /* Animations */,
				1101A3B3245AD933002A848B /* NefEditorClient.entitlements */,
				112EA4E52461868000F91DBA /* NefEditorClientRelease.entitlements */,
				1163839124321FD400EB2DEF /* Info.plist */,
				1163838324321FD100EB2DEF /* AppDelegate.swift */,
				1163838524321FD100EB2DEF /* SceneDelegate.swift */,
				1163838924321FD400EB2DEF /* Assets.xcassets */,
				1139BF9B24645B0000BC283A /* Authentication */,
				11AD8DCA243DC42E0005E450 /* Catalog */,
				1139BF8724641C9D00BC283A /* Credits */,
				8B87B424248E8380007372EC /* DeepLink */,
				11B125BD2447074500E2D1C3 /* Detail */,
				114AF44D2459863B000116B7 /* Edit */,
				11E07F14243B218E00A0A027 /* Extensions */,
				1146B09E246F14F900DACF98 /* FAQ */,
				1139BFA22464604B00BC283A /* Generation */,
				114254432449909600B2EA0C /* GitHubExtensions */,
				1163838E24321FD400EB2DEF /* LaunchScreen.storyboard */,
				1163BA88244DF81A005B0785 /* Main */,
				112EA4E624618EA500F91DBA /* Persistence */,
				1163838B24321FD400EB2DEF /* Preview Content */,
				11070283243C7FB4008583EB /* Requirements */,
				11CB85912437821800CE4592 /* Search */,
				11CB85902437820400CE4592 /* Theme */,
			);
			path = NefEditorClient;
			sourceTree = "<group>";
		};
		1163838B24321FD400EB2DEF /* Preview Content */ = {
			isa = PBXGroup;
			children = (
				11BFE9FF243B410D00D4F891 /* PreviewData.swift */,
				1163838C24321FD400EB2DEF /* Preview Assets.xcassets */,
			);
			path = "Preview Content";
			sourceTree = "<group>";
		};
		1163839924321FD400EB2DEF /* NefEditorClientTests */ = {
			isa = PBXGroup;
			children = (
				1163839A24321FD400EB2DEF /* NefEditorClientTests.swift */,
				1163839C24321FD400EB2DEF /* Info.plist */,
				114AF4642459CA18000116B7 /* AppDispatcherTests.swift */,
			);
			path = NefEditorClientTests;
			sourceTree = "<group>";
		};
		1163BA88244DF81A005B0785 /* Main */ = {
			isa = PBXGroup;
			children = (
				1163BA98244ED992005B0785 /* Component */,
				1139BF7F2462E21700BC283A /* Dependencies */,
				1163BA93244ED024005B0785 /* Logic */,
				1163BA8A244DF844005B0785 /* State */,
				1163BA89244DF825005B0785 /* View */,
			);
			path = Main;
			sourceTree = "<group>";
		};
		1163BA89244DF825005B0785 /* View */ = {
			isa = PBXGroup;
			children = (
				11EDF44E2435F5AA0092E959 /* AppView.swift */,
				1155FDD0246D2B0E00F5F819 /* AppModalView.swift */,
			);
			path = View;
			sourceTree = "<group>";
		};
		1163BA8A244DF844005B0785 /* State */ = {
			isa = PBXGroup;
			children = (
				1155FDCE246D286E00F5F819 /* AppModalState.swift */,
				1163BA8D244DF8B3005B0785 /* AppState.swift */,
				1139BF8524640D3800BC283A /* ICloudStatus.swift */,
				1163BA8F244DF8E4005B0785 /* PanelState.swift */,
			);
			path = State;
			sourceTree = "<group>";
		};
		1163BA93244ED024005B0785 /* Logic */ = {
			isa = PBXGroup;
			children = (
				1163BA94244ED043005B0785 /* AppAction.swift */,
				1163BA96244ED0C5005B0785 /* AppDispatcher.swift */,
				1155FDCC246D26E900F5F819 /* MainDispatcher.swift */,
			);
			path = Logic;
			sourceTree = "<group>";
		};
		1163BA98244ED992005B0785 /* Component */ = {
			isa = PBXGroup;
			children = (
				1163BA99244ED9A3005B0785 /* AppComponent.swift */,
				1155FDD2246D2D0100F5F819 /* AppModalComponent.swift */,
			);
			path = Component;
			sourceTree = "<group>";
		};
		11AD8DCA243DC42E0005E450 /* Catalog */ = {
			isa = PBXGroup;
			children = (
				11C95ABB24584D8C00659C97 /* Component */,
				8B87B41F248E4A5D007372EC /* Extensions */,
				11C95AB624584B6100659C97 /* Logic */,
				11AD8DD3243E19130005E450 /* State */,
				11AD8DCB243DC46C0005E450 /* View */,
			);
			path = Catalog;
			sourceTree = "<group>";
		};
		11AD8DCB243DC46C0005E450 /* View */ = {
			isa = PBXGroup;
			children = (
				11B125B12444BC9000E2D1C3 /* CatalogItemGridView.swift */,
				11B125B02444BC9000E2D1C3 /* CatalogSectionView.swift */,
				1187BD66243FAD6300FF668F /* FeaturedRecipeView.swift */,
				11EDF4482435F4B70092E959 /* RecipeCatalogView.swift */,
				11AD8DCE243E16480005E450 /* RegularRecipeView.swift */,
				11AD8DD8243E20BB0005E450 /* TagCloud.swift */,
				11AD8DCC243DC4870005E450 /* TagView.swift */,
			);
			path = View;
			sourceTree = "<group>";
		};
		11AD8DD3243E19130005E450 /* State */ = {
			isa = PBXGroup;
			children = (
				11B125B42444BCAC00E2D1C3 /* Catalog.swift */,
				1187BD682444525800FF668F /* CatalogItem.swift */,
				11B125B52444BCAC00E2D1C3 /* CatalogSection.swift */,
				11AD8DD6243E19440005E450 /* Dependency.swift */,
				1187BD64243FABED00FF668F /* FeaturedRecipe.swift */,
				11AD8DD4243E19200005E450 /* Recipe.swift */,
				11B125B824459B4800E2D1C3 /* TagViewModel.swift */,
			);
			path = State;
			sourceTree = "<group>";
		};
		11B125BD2447074500E2D1C3 /* Detail */ = {
			isa = PBXGroup;
			children = (
				114AF45D24598FAC000116B7 /* Component */,
				114AF45824598D63000116B7 /* Logic */,
				11B125BE2447075C00E2D1C3 /* View */,
			);
			path = Detail;
			sourceTree = "<group>";
		};
		11B125BE2447075C00E2D1C3 /* View */ = {
			isa = PBXGroup;
			children = (
				11EDF44A2435F4FE0092E959 /* CatalogItemDetailView.swift */,
				11B125C1244709EA00E2D1C3 /* DependencyListView.swift */,
				11B125BF2447077000E2D1C3 /* DependencyView.swift */,
			);
			path = View;
			sourceTree = "<group>";
		};
		11BFEA04243B516200D4F891 /* View */ = {
			isa = PBXGroup;
			children = (
				11BFEA0E243B560500D4F891 /* EmptySearchView.swift */,
				11BFEA10243B571B00D4F891 /* ErrorSearchView.swift */,
				11BFEA0C243B553000D4F891 /* InitialSearchView.swift */,
				11BFEA08243B525100D4F891 /* LoadingSearchView.swift */,
				11E07F12243B20E000A0A027 /* RepositoryGridView.swift */,
				11EF0A7E24373DCE009E894D /* RepositoryView.swift */,
				11EDF44C2435F5410092E959 /* SearchView.swift */,
			);
			path = View;
			sourceTree = "<group>";
		};
		11BFEA05243B518B00D4F891 /* State */ = {
			isa = PBXGroup;
			children = (
				11BFEA06243B519A00D4F891 /* SearchState.swift */,
			);
			path = State;
			sourceTree = "<group>";
		};
		11C95AB624584B6100659C97 /* Logic */ = {
			isa = PBXGroup;
			children = (
				11C95AB724584B7200659C97 /* CatalogAction.swift */,
				11C95AB924584BE300659C97 /* CatalogDispatcher.swift */,
			);
			path = Logic;
			sourceTree = "<group>";
		};
		11C95ABB24584D8C00659C97 /* Component */ = {
			isa = PBXGroup;
			children = (
				11C95ABC24584D9700659C97 /* CatalogComponent.swift */,
			);
			path = Component;
			sourceTree = "<group>";
		};
		11CB85902437820400CE4592 /* Theme */ = {
			isa = PBXGroup;
			children = (
				11B125C324471E1C00E2D1C3 /* ActionButtonStyle.swift */,
				11BFE9FD243B3C2200D4F891 /* ActivityIndicator.swift */,
				11070290243C9DF9008583EB /* ActivityTextView.swift */,
				1150CDC6246B0D8D003509B4 /* ActivityViewController.swift */,
				1107028C243C9A25008583EB /* AnimationView.swift */,
				1101A3AF245AB994002A848B /* AvatarView.swift */,
				11CB85922437825100CE4592 /* CardView.swift */,
				11B125C5244721BF00E2D1C3 /* ColorPalette.swift */,
				11E07F10243B118F00A0A027 /* GridView.swift */,
				11C95A5424504E3D00659C97 /* Image+System.swift */,
				1155FDD8246D92AA00F5F819 /* KeyboardPadding.swift */,
				1139BF8B246425E100BC283A /* LibraryButtonStyle.swift */,
				1146B09C246F102100DACF98 /* LoadingView.swift */,
				8B3FEAEE246DA3FE00642BF3 /* LottieAnimation.swift */,
				1155FDD6246D696700F5F819 /* NavigationBarButtonStyle.swift */,
				8B06E8CB246D4D97008C7189 /* Rectangle+Separator.swift */,
				11E07F17243B353500A0A027 /* SearchBar.swift */,
				8B06E8CD246D5361008C7189 /* SectionTitle.swift */,
				11B125C72447242C00E2D1C3 /* TextButtonStyle.swift */,
				11CB85942437848A00CE4592 /* TextStyle.swift */,
				1101A3AB245AB5F6002A848B /* URLImage.swift */,
				1101A3B1245AD23F002A848B /* View+Conditional.swift */,
				1155FDD4246D5D3800F5F819 /* View+Hover.swift */,
				114AF44B24597675000116B7 /* View+Modal.swift */,
				11BFEA0A243B538300D4F891 /* ViewStyle.swift */,
			);
			path = Theme;
			sourceTree = "<group>";
		};
		11CB85912437821800CE4592 /* Search */ = {
			isa = PBXGroup;
			children = (
				11425438244879C300B2EA0C /* Component */,
				11425432244870ED00B2EA0C /* Logic */,
				11BFEA05243B518B00D4F891 /* State */,
				11BFEA04243B516200D4F891 /* View */,
			);
			path = Search;
			sourceTree = "<group>";
		};
		11E07F14243B218E00A0A027 /* Extensions */ = {
			isa = PBXGroup;
			children = (
				11E07F15243B21A200A0A027 /* Array+Extensions.swift */,
				1150CDC8246C43C0003509B4 /* URLSession+IO.swift */,
			);
			path = Extensions;
			sourceTree = "<group>";
		};
		11EF0A8024373E46009E894D /* Frameworks */ = {
			isa = PBXGroup;
			children = (
			);
			name = Frameworks;
			sourceTree = "<group>";
		};
		11FE7AC5246583CA0011DB41 /* State */ = {
			isa = PBXGroup;
			children = (
				11FE7AC3246583B80011DB41 /* GenerationState.swift */,
			);
			path = State;
			sourceTree = "<group>";
		};
		11FE7AC624659B9C0011DB41 /* Component */ = {
			isa = PBXGroup;
			children = (
				11FE7AC724659BAC0011DB41 /* GenerationComponent.swift */,
			);
			path = Component;
			sourceTree = "<group>";
		};
		11FE7AC924659BFA0011DB41 /* Logic */ = {
			isa = PBXGroup;
			children = (
				11FE7ACA24659C0F0011DB41 /* GenerationAction.swift */,
				11FE7ACE2465B8930011DB41 /* GenerationDispatcher.swift */,
			);
			path = Logic;
			sourceTree = "<group>";
		};
		8B84D968248F8B2F003877B1 /* Extensions */ = {
			isa = PBXGroup;
			children = (
				8B84D969248F8B3B003877B1 /* UIOpenURLContext+Recipe.swift */,
			);
			path = Extensions;
			sourceTree = "<group>";
		};
		8B87B41F248E4A5D007372EC /* Extensions */ = {
			isa = PBXGroup;
			children = (
				8B87B420248E4A6C007372EC /* URLQueryItem+Recipe.swift */,
			);
			path = Extensions;
			sourceTree = "<group>";
		};
		8B87B424248E8380007372EC /* DeepLink */ = {
			isa = PBXGroup;
			children = (
				8B84D968248F8B2F003877B1 /* Extensions */,
				8B87B429248E8517007372EC /* State */,
				8B87B428248E8512007372EC /* Logic */,
			);
			path = DeepLink;
			sourceTree = "<group>";
		};
		8B87B428248E8512007372EC /* Logic */ = {
			isa = PBXGroup;
			children = (
				8B87B422248E82A3007372EC /* DeepLinkAction.swift */,
				8B87B425248E838F007372EC /* DeepLinkDispatcher.swift */,
			);
			path = Logic;
			sourceTree = "<group>";
		};
		8B87B429248E8517007372EC /* State */ = {
			isa = PBXGroup;
			children = (
				8B87B42A248E852F007372EC /* DeepLinkState.swift */,
			);
			path = State;
			sourceTree = "<group>";
		};
/* End PBXGroup section */

/* Begin PBXNativeTarget section */
		1163837F24321FD100EB2DEF /* NefEditorClient */ = {
			isa = PBXNativeTarget;
			buildConfigurationList = 1163839F24321FD400EB2DEF /* Build configuration list for PBXNativeTarget "NefEditorClient" */;
			buildPhases = (
				1163837C24321FD100EB2DEF /* Sources */,
				1163837D24321FD100EB2DEF /* Frameworks */,
				1163837E24321FD100EB2DEF /* Resources */,
			);
			buildRules = (
			);
			dependencies = (
			);
			name = NefEditorClient;
			packageProductDependencies = (
				11AD8DC4243CA8E90005E450 /* BowArch */,
				1139BF7D2462DC5000BC283A /* GitHub */,
				112FDCB5246AC8FD009A2B97 /* NefAPI */,
				112FDCB8246AC99A009A2B97 /* NefEditorData */,
				1150CDC4246AF468003509B4 /* NefEditorUtils */,
				8B06E8C9246D4A12008C7189 /* Lottie */,
			);
			productName = NefEditorClient;
			productReference = 1163838024321FD100EB2DEF /* nef.app */;
			productType = "com.apple.product-type.application";
		};
		1163839524321FD400EB2DEF /* NefEditorClientTests */ = {
			isa = PBXNativeTarget;
			buildConfigurationList = 116383A224321FD400EB2DEF /* Build configuration list for PBXNativeTarget "NefEditorClientTests" */;
			buildPhases = (
				1163839224321FD400EB2DEF /* Sources */,
				1163839324321FD400EB2DEF /* Frameworks */,
				1163839424321FD400EB2DEF /* Resources */,
			);
			buildRules = (
			);
			dependencies = (
				1163839824321FD400EB2DEF /* PBXTargetDependency */,
			);
			name = NefEditorClientTests;
			productName = NefEditorClientTests;
			productReference = 1163839624321FD400EB2DEF /* NefEditorClientTests.xctest */;
			productType = "com.apple.product-type.bundle.unit-test";
		};
/* End PBXNativeTarget section */

/* Begin PBXProject section */
		1163837824321FD100EB2DEF /* Project object */ = {
			isa = PBXProject;
			attributes = {
				LastSwiftUpdateCheck = 1130;
				LastUpgradeCheck = 1130;
				ORGANIZATIONNAME = "The Bow Authors";
				TargetAttributes = {
					1163837F24321FD100EB2DEF = {
						CreatedOnToolsVersion = 11.3.1;
					};
					1163839524321FD400EB2DEF = {
						CreatedOnToolsVersion = 11.3.1;
						TestTargetID = 1163837F24321FD100EB2DEF;
					};
					11EDF469243714580092E959 = {
						CreatedOnToolsVersion = 11.3.1;
					};
					11FE7AE5246A9A0B0011DB41 = {
						CreatedOnToolsVersion = 11.4.1;
					};
				};
			};
			buildConfigurationList = 1163837B24321FD100EB2DEF /* Build configuration list for PBXProject "NefEditorClient" */;
			compatibilityVersion = "Xcode 9.3";
			developmentRegion = en;
			hasScannedForEncodings = 0;
			knownRegions = (
				en,
				Base,
			);
			mainGroup = 1163837724321FD100EB2DEF;
			packageReferences = (
				11AD8DC3243CA8E80005E450 /* XCRemoteSwiftPackageReference "bow-arch" */,
				112FDCB7246AC999009A2B97 /* XCRemoteSwiftPackageReference "nef-editor-server" */,
				8B06E8C8246D4A12008C7189 /* XCRemoteSwiftPackageReference "lottie-ios" */,
			);
			productRefGroup = 1163838124321FD100EB2DEF /* Products */;
			projectDirPath = "";
			projectRoot = "";
			targets = (
				1163837F24321FD100EB2DEF /* NefEditorClient */,
				1163839524321FD400EB2DEF /* NefEditorClientTests */,
				11EDF469243714580092E959 /* GenerateGitHubAPI */,
				11FE7AE5246A9A0B0011DB41 /* GenerateNefAPI */,
			);
		};
/* End PBXProject section */

/* Begin PBXResourcesBuildPhase section */
		1163837E24321FD100EB2DEF /* Resources */ = {
			isa = PBXResourcesBuildPhase;
			buildActionMask = 2147483647;
			files = (
				1163839024321FD400EB2DEF /* LaunchScreen.storyboard in Resources */,
				1163838D24321FD400EB2DEF /* Preview Assets.xcassets in Resources */,
				11FE7AE4246A99D40011DB41 /* nef.yaml in Resources */,
				8B3FEAF1246DA41900642BF3 /* Animations in Resources */,
				1163838A24321FD400EB2DEF /* Assets.xcassets in Resources */,
				11EDF468243714210092E959 /* github.yaml in Resources */,
			);
			runOnlyForDeploymentPostprocessing = 0;
		};
		1163839424321FD400EB2DEF /* Resources */ = {
			isa = PBXResourcesBuildPhase;
			buildActionMask = 2147483647;
			files = (
			);
			runOnlyForDeploymentPostprocessing = 0;
		};
/* End PBXResourcesBuildPhase section */

/* Begin PBXShellScriptBuildPhase section */
		11EDF46D243714600092E959 /* ShellScript */ = {
			isa = PBXShellScriptBuildPhase;
			buildActionMask = 2147483647;
			files = (
			);
			inputFileListPaths = (
			);
			inputPaths = (
			);
			outputFileListPaths = (
			);
			outputPaths = (
			);
			runOnlyForDeploymentPostprocessing = 0;
			shellPath = /bin/sh;
			shellScript = "rm -rf GitHub\nbow-openapi --name GitHub --schema github.yaml --output .\n";
		};
		11FE7AE9246A9A190011DB41 /* ShellScript */ = {
			isa = PBXShellScriptBuildPhase;
			buildActionMask = 2147483647;
			files = (
			);
			inputFileListPaths = (
			);
			inputPaths = (
			);
			outputFileListPaths = (
			);
			outputPaths = (
			);
			runOnlyForDeploymentPostprocessing = 0;
			shellPath = /bin/sh;
			shellScript = "rm -rf NefAPI\nbow-openapi --name NefAPI --schema nef.yaml --output .\n";
		};
/* End PBXShellScriptBuildPhase section */

/* Begin PBXSourcesBuildPhase section */
		1163837C24321FD100EB2DEF /* Sources */ = {
			isa = PBXSourcesBuildPhase;
			buildActionMask = 2147483647;
			files = (
				112EA4EA24618F7400F91DBA /* ICloudPersistence.swift in Sources */,
				11C95A5524504E3D00659C97 /* Image+System.swift in Sources */,
				1139BF9A2464321E00BC283A /* CreditsComponent.swift in Sources */,
				11AD8DCD243DC4870005E450 /* TagView.swift in Sources */,
				8B787847246ECD9D003828F0 /* GenerationPlaygroundBookView.swift in Sources */,
				8BC3C90B246D7A2600EC9F36 /* GenerationSuccessView.swift in Sources */,
				1163BA92244DF933005B0785 /* EditState.swift in Sources */,
				11FE7ACD2465AD330011DB41 /* GenerationErrorView.swift in Sources */,
				1139BF8624640D3800BC283A /* ICloudStatus.swift in Sources */,
				1142543D2448A80900B2EA0C /* RepositoryDetailAction.swift in Sources */,
				11E07F18243B353500A0A027 /* SearchBar.swift in Sources */,
				8B87B42B248E852F007372EC /* DeepLinkState.swift in Sources */,
				11B125C02447077000E2D1C3 /* DependencyView.swift in Sources */,
				1155FDCD246D26E900F5F819 /* MainDispatcher.swift in Sources */,
				114AF44C24597675000116B7 /* View+Modal.swift in Sources */,
				11070291243C9DF9008583EB /* ActivityTextView.swift in Sources */,
				1150CDC9246C43C0003509B4 /* URLSession+IO.swift in Sources */,
				1155FDD1246D2B0E00F5F819 /* AppModalView.swift in Sources */,
				1163BA97244ED0C5005B0785 /* AppDispatcher.swift in Sources */,
				1107028F243C9D0A008583EB /* LoadingRequirementsView.swift in Sources */,
				1146B0A8246F14F900DACF98 /* FAQComponent.swift in Sources */,
				11CB85952437848A00CE4592 /* TextStyle.swift in Sources */,
				11AD8DD5243E19200005E450 /* Recipe.swift in Sources */,
				1187BD692444525800FF668F /* CatalogItem.swift in Sources */,
				11EDF4492435F4B70092E959 /* RecipeCatalogView.swift in Sources */,
				1101A3B2245AD23F002A848B /* View+Conditional.swift in Sources */,
				1139BF9324642DF900BC283A /* Library.swift in Sources */,
				1146B0A7246F14F900DACF98 /* FAQDispatcher.swift in Sources */,
				11B125B72444BCAC00E2D1C3 /* CatalogSection.swift in Sources */,
				11070298243CA10E008583EB /* ErrorRequirementsView.swift in Sources */,
				1139BFA72464634D00BC283A /* AuthenticationState.swift in Sources */,
				1142543F2448A87000B2EA0C /* RepositoryDetailDispatcher.swift in Sources */,
				11B125C6244721BF00E2D1C3 /* ColorPalette.swift in Sources */,
				1139BF8A24641CB400BC283A /* CreditsView.swift in Sources */,
				1163BA8E244DF8B3005B0785 /* AppState.swift in Sources */,
				1139BF8C246425E100BC283A /* LibraryButtonStyle.swift in Sources */,
				11EF0A7F24373DCE009E894D /* RepositoryView.swift in Sources */,
				11BFE9FE243B3C2200D4F891 /* ActivityIndicator.swift in Sources */,
				1139BF9524642F0B00BC283A /* CreditsDispatcher.swift in Sources */,
				11B125C2244709EA00E2D1C3 /* DependencyListView.swift in Sources */,
				114254362448732E00B2EA0C /* SearchDispatcher.swift in Sources */,
				8B3FEAEF246DA3FE00642BF3 /* LottieAnimation.swift in Sources */,
				11BFEA00243B410D00D4F891 /* PreviewData.swift in Sources */,
				11070293243C9F27008583EB /* EmptyRequirementsView.swift in Sources */,
				1163BA9A244ED9A3005B0785 /* AppComponent.swift in Sources */,
				11FE7ACF2465B8930011DB41 /* GenerationDispatcher.swift in Sources */,
				1163BA87244DF22E005B0785 /* EditRecipeMetadataView.swift in Sources */,
				11BFEA0B243B538300D4F891 /* ViewStyle.swift in Sources */,
				114AF45F24598FC0000116B7 /* CatalogDetailComponent.swift in Sources */,
				8B06E8CC246D4D97008C7189 /* Rectangle+Separator.swift in Sources */,
				11B125B22444BC9000E2D1C3 /* CatalogSectionView.swift in Sources */,
				11EDF44B2435F4FE0092E959 /* CatalogItemDetailView.swift in Sources */,
				1163838424321FD100EB2DEF /* AppDelegate.swift in Sources */,
				114AF45224598700000116B7 /* EditAction.swift in Sources */,
				114AF45724598960000116B7 /* EditComponent.swift in Sources */,
				11BFEA0F243B560500D4F891 /* EmptySearchView.swift in Sources */,
				1155FDD7246D696700F5F819 /* NavigationBarButtonStyle.swift in Sources */,
				1107028B243C9987008583EB /* RepositoryDetailState.swift in Sources */,
				1101A3B0245AB994002A848B /* AvatarView.swift in Sources */,
				1139BF9024642DCB00BC283A /* CreditsAction.swift in Sources */,
				1187BD65243FABED00FF668F /* FeaturedRecipe.swift in Sources */,
				1142543A244879DE00B2EA0C /* SearchComponent.swift in Sources */,
				11BFEA09243B525100D4F891 /* LoadingSearchView.swift in Sources */,
				1146B0A6246F14F900DACF98 /* FAQAction.swift in Sources */,
				11B125C82447242C00E2D1C3 /* TextButtonStyle.swift in Sources */,
				11BFEA07243B519A00D4F891 /* SearchState.swift in Sources */,
				11EDF44F2435F5AA0092E959 /* AppView.swift in Sources */,
				1150CDC3246AEE8C003509B4 /* GenerationSigninView.swift in Sources */,
				11425445244990AB00B2EA0C /* Data+Equatable.swift in Sources */,
				1139BFA124645F3400BC283A /* AuthenticationInfo.swift in Sources */,
				1139BFA52464609600BC283A /* GenerationView.swift in Sources */,
				1155FDD3246D2D0100F5F819 /* AppModalComponent.swift in Sources */,
				8B87B421248E4A6C007372EC /* URLQueryItem+Recipe.swift in Sources */,
				11B125C424471E1C00E2D1C3 /* ActionButtonStyle.swift in Sources */,
				11FE7AC4246583B80011DB41 /* GenerationState.swift in Sources */,
				11C95ABA24584BE300659C97 /* CatalogDispatcher.swift in Sources */,
				1163838624321FD100EB2DEF /* SceneDelegate.swift in Sources */,
				11BFEA11243B571B00D4F891 /* ErrorSearchView.swift in Sources */,
				11C95AB824584B7200659C97 /* CatalogAction.swift in Sources */,
				1155FDD5246D5D3800F5F819 /* View+Hover.swift in Sources */,
				1107029A243CA160008583EB /* RequirementListView.swift in Sources */,
				114AF45A24598D78000116B7 /* CatalogDetailAction.swift in Sources */,
				11C95ABD24584D9700659C97 /* CatalogComponent.swift in Sources */,
				11070286243C8178008583EB /* Requirement.swift in Sources */,
				11B125B924459B4800E2D1C3 /* TagViewModel.swift in Sources */,
				11FE7ACB24659C0F0011DB41 /* GenerationAction.swift in Sources */,
				1155FDCF246D286E00F5F819 /* AppModalState.swift in Sources */,
				11E07F16243B21A200A0A027 /* Array+Extensions.swift in Sources */,
				11425434244870FB00B2EA0C /* SearchAction.swift in Sources */,
				11B125B32444BC9000E2D1C3 /* CatalogItemGridView.swift in Sources */,
				112EA4E824618EC700F91DBA /* Persistence.swift in Sources */,
				1150CDC7246B0D8D003509B4 /* ActivityViewController.swift in Sources */,
				1107028D243C9A25008583EB /* AnimationView.swift in Sources */,
				8B87B427248E8486007372EC /* DeepLinkAction.swift in Sources */,
				114AF45424598736000116B7 /* EditDispatcher.swift in Sources */,
				11AD8DD7243E19440005E450 /* Dependency.swift in Sources */,
				11070289243C81DC008583EB /* RequirementView.swift in Sources */,
				1163BA90244DF8E4005B0785 /* PanelState.swift in Sources */,
				11AD8DD9243E20BB0005E450 /* TagCloud.swift in Sources */,
				1139BF9E24645D0800BC283A /* SignInButton.swift in Sources */,
				1187BD67243FAD6300FF668F /* FeaturedRecipeView.swift in Sources */,
				11E07F13243B20E000A0A027 /* RepositoryGridView.swift in Sources */,
				1146B0A9246F14F900DACF98 /* FAQView.swift in Sources */,
				1139BF812462E23700BC283A /* AppDependencies.swift in Sources */,
				1146B09D246F102100DACF98 /* LoadingView.swift in Sources */,
				11AD8DC9243CAAE20005E450 /* RepositoryDetailView.swift in Sources */,
				1155FDD9246D92AA00F5F819 /* KeyboardPadding.swift in Sources */,
				11CB85932437825100CE4592 /* CardView.swift in Sources */,
				11AD8DCF243E16480005E450 /* RegularRecipeView.swift in Sources */,
				8B06E8CE246D5361008C7189 /* SectionTitle.swift in Sources */,
				114254422448AEFF00B2EA0C /* RepositoryDetailComponent.swift in Sources */,
				11BFEA0D243B553000D4F891 /* InitialSearchView.swift in Sources */,
				11B125B62444BCAC00E2D1C3 /* Catalog.swift in Sources */,
				11E07F11243B118F00A0A027 /* GridView.swift in Sources */,
				11FE7AC824659BAC0011DB41 /* GenerationComponent.swift in Sources */,
				8B84D96A248F8B3B003877B1 /* UIOpenURLContext+Recipe.swift in Sources */,
				1163BA95244ED043005B0785 /* AppAction.swift in Sources */,
				11EDF44D2435F5410092E959 /* SearchView.swift in Sources */,
				1101A3AC245AB5F6002A848B /* URLImage.swift in Sources */,
				114AF45C24598E15000116B7 /* CatalogDetailDispatcher.swift in Sources */,
				8B87B426248E838F007372EC /* DeepLinkDispatcher.swift in Sources */,
			);
			runOnlyForDeploymentPostprocessing = 0;
		};
		1163839224321FD400EB2DEF /* Sources */ = {
			isa = PBXSourcesBuildPhase;
			buildActionMask = 2147483647;
			files = (
				114AF4652459CA18000116B7 /* AppDispatcherTests.swift in Sources */,
				1163839B24321FD400EB2DEF /* NefEditorClientTests.swift in Sources */,
			);
			runOnlyForDeploymentPostprocessing = 0;
		};
/* End PBXSourcesBuildPhase section */

/* Begin PBXTargetDependency section */
		1163839824321FD400EB2DEF /* PBXTargetDependency */ = {
			isa = PBXTargetDependency;
			target = 1163837F24321FD100EB2DEF /* NefEditorClient */;
			targetProxy = 1163839724321FD400EB2DEF /* PBXContainerItemProxy */;
		};
/* End PBXTargetDependency section */

/* Begin PBXVariantGroup section */
		1163838E24321FD400EB2DEF /* LaunchScreen.storyboard */ = {
			isa = PBXVariantGroup;
			children = (
				1163838F24321FD400EB2DEF /* Base */,
			);
			name = LaunchScreen.storyboard;
			sourceTree = "<group>";
		};
/* End PBXVariantGroup section */

/* Begin XCBuildConfiguration section */
		1163839D24321FD400EB2DEF /* Debug */ = {
			isa = XCBuildConfiguration;
			buildSettings = {
				ALWAYS_SEARCH_USER_PATHS = NO;
				CLANG_ANALYZER_NONNULL = YES;
				CLANG_ANALYZER_NUMBER_OBJECT_CONVERSION = YES_AGGRESSIVE;
				CLANG_CXX_LANGUAGE_STANDARD = "gnu++14";
				CLANG_CXX_LIBRARY = "libc++";
				CLANG_ENABLE_MODULES = YES;
				CLANG_ENABLE_OBJC_ARC = YES;
				CLANG_ENABLE_OBJC_WEAK = YES;
				CLANG_WARN_BLOCK_CAPTURE_AUTORELEASING = YES;
				CLANG_WARN_BOOL_CONVERSION = YES;
				CLANG_WARN_COMMA = YES;
				CLANG_WARN_CONSTANT_CONVERSION = YES;
				CLANG_WARN_DEPRECATED_OBJC_IMPLEMENTATIONS = YES;
				CLANG_WARN_DIRECT_OBJC_ISA_USAGE = YES_ERROR;
				CLANG_WARN_DOCUMENTATION_COMMENTS = YES;
				CLANG_WARN_EMPTY_BODY = YES;
				CLANG_WARN_ENUM_CONVERSION = YES;
				CLANG_WARN_INFINITE_RECURSION = YES;
				CLANG_WARN_INT_CONVERSION = YES;
				CLANG_WARN_NON_LITERAL_NULL_CONVERSION = YES;
				CLANG_WARN_OBJC_IMPLICIT_RETAIN_SELF = YES;
				CLANG_WARN_OBJC_LITERAL_CONVERSION = YES;
				CLANG_WARN_OBJC_ROOT_CLASS = YES_ERROR;
				CLANG_WARN_RANGE_LOOP_ANALYSIS = YES;
				CLANG_WARN_STRICT_PROTOTYPES = YES;
				CLANG_WARN_SUSPICIOUS_MOVE = YES;
				CLANG_WARN_UNGUARDED_AVAILABILITY = YES_AGGRESSIVE;
				CLANG_WARN_UNREACHABLE_CODE = YES;
				CLANG_WARN__DUPLICATE_METHOD_MATCH = YES;
				COPY_PHASE_STRIP = NO;
				DEBUG_INFORMATION_FORMAT = dwarf;
				ENABLE_STRICT_OBJC_MSGSEND = YES;
				ENABLE_TESTABILITY = YES;
				GCC_C_LANGUAGE_STANDARD = gnu11;
				GCC_DYNAMIC_NO_PIC = NO;
				GCC_NO_COMMON_BLOCKS = YES;
				GCC_OPTIMIZATION_LEVEL = 0;
				GCC_PREPROCESSOR_DEFINITIONS = (
					"DEBUG=1",
					"$(inherited)",
				);
				GCC_WARN_64_TO_32_BIT_CONVERSION = YES;
				GCC_WARN_ABOUT_RETURN_TYPE = YES_ERROR;
				GCC_WARN_UNDECLARED_SELECTOR = YES;
				GCC_WARN_UNINITIALIZED_AUTOS = YES_AGGRESSIVE;
				GCC_WARN_UNUSED_FUNCTION = YES;
				GCC_WARN_UNUSED_VARIABLE = YES;
				IPHONEOS_DEPLOYMENT_TARGET = 13.4;
				MTL_ENABLE_DEBUG_INFO = INCLUDE_SOURCE;
				MTL_FAST_MATH = YES;
				ONLY_ACTIVE_ARCH = YES;
				SDKROOT = iphoneos;
				SWIFT_ACTIVE_COMPILATION_CONDITIONS = DEBUG;
				SWIFT_OPTIMIZATION_LEVEL = "-Onone";
			};
			name = Debug;
		};
		1163839E24321FD400EB2DEF /* Release */ = {
			isa = XCBuildConfiguration;
			buildSettings = {
				ALWAYS_SEARCH_USER_PATHS = NO;
				CLANG_ANALYZER_NONNULL = YES;
				CLANG_ANALYZER_NUMBER_OBJECT_CONVERSION = YES_AGGRESSIVE;
				CLANG_CXX_LANGUAGE_STANDARD = "gnu++14";
				CLANG_CXX_LIBRARY = "libc++";
				CLANG_ENABLE_MODULES = YES;
				CLANG_ENABLE_OBJC_ARC = YES;
				CLANG_ENABLE_OBJC_WEAK = YES;
				CLANG_WARN_BLOCK_CAPTURE_AUTORELEASING = YES;
				CLANG_WARN_BOOL_CONVERSION = YES;
				CLANG_WARN_COMMA = YES;
				CLANG_WARN_CONSTANT_CONVERSION = YES;
				CLANG_WARN_DEPRECATED_OBJC_IMPLEMENTATIONS = YES;
				CLANG_WARN_DIRECT_OBJC_ISA_USAGE = YES_ERROR;
				CLANG_WARN_DOCUMENTATION_COMMENTS = YES;
				CLANG_WARN_EMPTY_BODY = YES;
				CLANG_WARN_ENUM_CONVERSION = YES;
				CLANG_WARN_INFINITE_RECURSION = YES;
				CLANG_WARN_INT_CONVERSION = YES;
				CLANG_WARN_NON_LITERAL_NULL_CONVERSION = YES;
				CLANG_WARN_OBJC_IMPLICIT_RETAIN_SELF = YES;
				CLANG_WARN_OBJC_LITERAL_CONVERSION = YES;
				CLANG_WARN_OBJC_ROOT_CLASS = YES_ERROR;
				CLANG_WARN_RANGE_LOOP_ANALYSIS = YES;
				CLANG_WARN_STRICT_PROTOTYPES = YES;
				CLANG_WARN_SUSPICIOUS_MOVE = YES;
				CLANG_WARN_UNGUARDED_AVAILABILITY = YES_AGGRESSIVE;
				CLANG_WARN_UNREACHABLE_CODE = YES;
				CLANG_WARN__DUPLICATE_METHOD_MATCH = YES;
				COPY_PHASE_STRIP = NO;
				DEBUG_INFORMATION_FORMAT = "dwarf-with-dsym";
				ENABLE_NS_ASSERTIONS = NO;
				ENABLE_STRICT_OBJC_MSGSEND = YES;
				GCC_C_LANGUAGE_STANDARD = gnu11;
				GCC_NO_COMMON_BLOCKS = YES;
				GCC_WARN_64_TO_32_BIT_CONVERSION = YES;
				GCC_WARN_ABOUT_RETURN_TYPE = YES_ERROR;
				GCC_WARN_UNDECLARED_SELECTOR = YES;
				GCC_WARN_UNINITIALIZED_AUTOS = YES_AGGRESSIVE;
				GCC_WARN_UNUSED_FUNCTION = YES;
				GCC_WARN_UNUSED_VARIABLE = YES;
				IPHONEOS_DEPLOYMENT_TARGET = 13.4;
				MTL_ENABLE_DEBUG_INFO = NO;
				MTL_FAST_MATH = YES;
				SDKROOT = iphoneos;
				SWIFT_COMPILATION_MODE = wholemodule;
				SWIFT_OPTIMIZATION_LEVEL = "-O";
				VALIDATE_PRODUCT = YES;
			};
			name = Release;
		};
		116383A024321FD400EB2DEF /* Debug */ = {
			isa = XCBuildConfiguration;
			buildSettings = {
				ASSETCATALOG_COMPILER_APPICON_NAME = AppIcon;
				CODE_SIGN_ENTITLEMENTS = NefEditorClient/NefEditorClient.entitlements;
				CODE_SIGN_IDENTITY = "iPhone Developer";
				"CODE_SIGN_IDENTITY[sdk=macosx*]" = "Apple Development";
				CODE_SIGN_STYLE = Manual;
				CURRENT_PROJECT_VERSION = 7;
				DEVELOPMENT_ASSET_PATHS = "\"NefEditorClient/Preview Content\"";
				DEVELOPMENT_TEAM = P548S5LU96;
				ENABLE_PREVIEWS = YES;
				INFOPLIST_FILE = NefEditorClient/Info.plist;
				IPHONEOS_DEPLOYMENT_TARGET = 13.4;
				LD_RUNPATH_SEARCH_PATHS = (
					"$(inherited)",
					"@executable_path/Frameworks",
				);
				PRODUCT_BUNDLE_IDENTIFIER = "com.47deg.nef-editor-client";
				"PRODUCT_BUNDLE_IDENTIFIER[sdk=macosx*]" = "";
				PRODUCT_NAME = nef;
				PROVISIONING_PROFILE_SPECIFIER = "nef editor client Dev";
				"PROVISIONING_PROFILE_SPECIFIER[sdk=macosx*]" = "";
				SUPPORTS_MACCATALYST = YES;
				SWIFT_VERSION = 5.0;
				TARGETED_DEVICE_FAMILY = 2;
			};
			name = Debug;
		};
		116383A124321FD400EB2DEF /* Release */ = {
			isa = XCBuildConfiguration;
			buildSettings = {
				ASSETCATALOG_COMPILER_APPICON_NAME = AppIcon;
				CODE_SIGN_ENTITLEMENTS = NefEditorClient/NefEditorClientRelease.entitlements;
				CODE_SIGN_IDENTITY = "iPhone Distribution";
				"CODE_SIGN_IDENTITY[sdk=macosx*]" = "Apple Development";
				CODE_SIGN_STYLE = Manual;
				CURRENT_PROJECT_VERSION = 7;
				DEVELOPMENT_ASSET_PATHS = "\"NefEditorClient/Preview Content\"";
				DEVELOPMENT_TEAM = P548S5LU96;
				ENABLE_PREVIEWS = YES;
				INFOPLIST_FILE = NefEditorClient/Info.plist;
				IPHONEOS_DEPLOYMENT_TARGET = 13.4;
				LD_RUNPATH_SEARCH_PATHS = (
					"$(inherited)",
					"@executable_path/Frameworks",
				);
				PRODUCT_BUNDLE_IDENTIFIER = "com.47deg.nef-editor-client";
				PRODUCT_NAME = nef;
				PROVISIONING_PROFILE_SPECIFIER = "nef editor client Dist";
				"PROVISIONING_PROFILE_SPECIFIER[sdk=macosx*]" = "";
				SUPPORTS_MACCATALYST = YES;
				SWIFT_VERSION = 5.0;
				TARGETED_DEVICE_FAMILY = 2;
			};
			name = Release;
		};
		116383A324321FD400EB2DEF /* Debug */ = {
			isa = XCBuildConfiguration;
			buildSettings = {
				ALWAYS_EMBED_SWIFT_STANDARD_LIBRARIES = YES;
				BUNDLE_LOADER = "$(TEST_HOST)";
				CODE_SIGN_STYLE = Automatic;
				INFOPLIST_FILE = NefEditorClientTests/Info.plist;
				IPHONEOS_DEPLOYMENT_TARGET = 13.0;
				LD_RUNPATH_SEARCH_PATHS = (
					"$(inherited)",
					"@executable_path/Frameworks",
					"@loader_path/Frameworks",
				);
				PRODUCT_BUNDLE_IDENTIFIER = "com.bow-swift.NefEditorClientTests";
				PRODUCT_NAME = "$(TARGET_NAME)";
				SWIFT_VERSION = 5.0;
				TARGETED_DEVICE_FAMILY = "1,2";
				TEST_HOST = "$(BUILT_PRODUCTS_DIR)/NefEditorClient.app/NefEditorClient";
			};
			name = Debug;
		};
		116383A424321FD400EB2DEF /* Release */ = {
			isa = XCBuildConfiguration;
			buildSettings = {
				ALWAYS_EMBED_SWIFT_STANDARD_LIBRARIES = YES;
				BUNDLE_LOADER = "$(TEST_HOST)";
				CODE_SIGN_STYLE = Automatic;
				INFOPLIST_FILE = NefEditorClientTests/Info.plist;
				IPHONEOS_DEPLOYMENT_TARGET = 13.0;
				LD_RUNPATH_SEARCH_PATHS = (
					"$(inherited)",
					"@executable_path/Frameworks",
					"@loader_path/Frameworks",
				);
				PRODUCT_BUNDLE_IDENTIFIER = "com.bow-swift.NefEditorClientTests";
				PRODUCT_NAME = "$(TARGET_NAME)";
				SWIFT_VERSION = 5.0;
				TARGETED_DEVICE_FAMILY = "1,2";
				TEST_HOST = "$(BUILT_PRODUCTS_DIR)/NefEditorClient.app/NefEditorClient";
			};
			name = Release;
		};
		11EDF46B243714580092E959 /* Debug */ = {
			isa = XCBuildConfiguration;
			buildSettings = {
				CODE_SIGN_STYLE = Automatic;
				PRODUCT_NAME = "$(TARGET_NAME)";
			};
			name = Debug;
		};
		11EDF46C243714580092E959 /* Release */ = {
			isa = XCBuildConfiguration;
			buildSettings = {
				CODE_SIGN_STYLE = Automatic;
				PRODUCT_NAME = "$(TARGET_NAME)";
			};
			name = Release;
		};
		11FE7AE7246A9A0B0011DB41 /* Debug */ = {
			isa = XCBuildConfiguration;
			buildSettings = {
				CODE_SIGN_STYLE = Automatic;
				PRODUCT_NAME = "$(TARGET_NAME)";
			};
			name = Debug;
		};
		11FE7AE8246A9A0B0011DB41 /* Release */ = {
			isa = XCBuildConfiguration;
			buildSettings = {
				CODE_SIGN_STYLE = Automatic;
				PRODUCT_NAME = "$(TARGET_NAME)";
			};
			name = Release;
		};
/* End XCBuildConfiguration section */

/* Begin XCConfigurationList section */
		1163837B24321FD100EB2DEF /* Build configuration list for PBXProject "NefEditorClient" */ = {
			isa = XCConfigurationList;
			buildConfigurations = (
				1163839D24321FD400EB2DEF /* Debug */,
				1163839E24321FD400EB2DEF /* Release */,
			);
			defaultConfigurationIsVisible = 0;
			defaultConfigurationName = Release;
		};
		1163839F24321FD400EB2DEF /* Build configuration list for PBXNativeTarget "NefEditorClient" */ = {
			isa = XCConfigurationList;
			buildConfigurations = (
				116383A024321FD400EB2DEF /* Debug */,
				116383A124321FD400EB2DEF /* Release */,
			);
			defaultConfigurationIsVisible = 0;
			defaultConfigurationName = Release;
		};
		116383A224321FD400EB2DEF /* Build configuration list for PBXNativeTarget "NefEditorClientTests" */ = {
			isa = XCConfigurationList;
			buildConfigurations = (
				116383A324321FD400EB2DEF /* Debug */,
				116383A424321FD400EB2DEF /* Release */,
			);
			defaultConfigurationIsVisible = 0;
			defaultConfigurationName = Release;
		};
		11EDF46A243714580092E959 /* Build configuration list for PBXAggregateTarget "GenerateGitHubAPI" */ = {
			isa = XCConfigurationList;
			buildConfigurations = (
				11EDF46B243714580092E959 /* Debug */,
				11EDF46C243714580092E959 /* Release */,
			);
			defaultConfigurationIsVisible = 0;
			defaultConfigurationName = Release;
		};
		11FE7AE6246A9A0B0011DB41 /* Build configuration list for PBXAggregateTarget "GenerateNefAPI" */ = {
			isa = XCConfigurationList;
			buildConfigurations = (
				11FE7AE7246A9A0B0011DB41 /* Debug */,
				11FE7AE8246A9A0B0011DB41 /* Release */,
			);
			defaultConfigurationIsVisible = 0;
			defaultConfigurationName = Release;
		};
/* End XCConfigurationList section */

/* Begin XCRemoteSwiftPackageReference section */
		112FDCB7246AC999009A2B97 /* XCRemoteSwiftPackageReference "nef-editor-server" */ = {
			isa = XCRemoteSwiftPackageReference;
			repositoryURL = "https://github.com/47deg/nef-editor-server";
			requirement = {
				branch = master;
				kind = branch;
			};
		};
		11AD8DC3243CA8E80005E450 /* XCRemoteSwiftPackageReference "bow-arch" */ = {
			isa = XCRemoteSwiftPackageReference;
			repositoryURL = "https://github.com/bow-swift/bow-arch.git";
			requirement = {
				branch = master;
				kind = branch;
			};
		};
		8B06E8C8246D4A12008C7189 /* XCRemoteSwiftPackageReference "lottie-ios" */ = {
			isa = XCRemoteSwiftPackageReference;
			repositoryURL = "https://github.com/airbnb/lottie-ios.git";
			requirement = {
				kind = upToNextMajorVersion;
				minimumVersion = 3.1.8;
			};
		};
/* End XCRemoteSwiftPackageReference section */

/* Begin XCSwiftPackageProductDependency section */
		112FDCB5246AC8FD009A2B97 /* NefAPI */ = {
			isa = XCSwiftPackageProductDependency;
			productName = NefAPI;
		};
		112FDCB8246AC99A009A2B97 /* NefEditorData */ = {
			isa = XCSwiftPackageProductDependency;
			package = 112FDCB7246AC999009A2B97 /* XCRemoteSwiftPackageReference "nef-editor-server" */;
			productName = NefEditorData;
		};
		1139BF7D2462DC5000BC283A /* GitHub */ = {
			isa = XCSwiftPackageProductDependency;
			productName = GitHub;
		};
		1150CDC4246AF468003509B4 /* NefEditorUtils */ = {
			isa = XCSwiftPackageProductDependency;
			package = 112FDCB7246AC999009A2B97 /* XCRemoteSwiftPackageReference "nef-editor-server" */;
			productName = NefEditorUtils;
		};
		11AD8DC4243CA8E90005E450 /* BowArch */ = {
			isa = XCSwiftPackageProductDependency;
			package = 11AD8DC3243CA8E80005E450 /* XCRemoteSwiftPackageReference "bow-arch" */;
			productName = BowArch;
		};
		8B06E8C9246D4A12008C7189 /* Lottie */ = {
			isa = XCSwiftPackageProductDependency;
			package = 8B06E8C8246D4A12008C7189 /* XCRemoteSwiftPackageReference "lottie-ios" */;
			productName = Lottie;
		};
/* End XCSwiftPackageProductDependency section */
	};
	rootObject = 1163837824321FD100EB2DEF /* Project object */;
}
